{
  "version": 4,
  "terraform_version": "0.13.5",
  "serial": 2684,
  "lineage": "b9b719b1-226b-137a-fcc1-c87081eedcea",
  "outputs": {},
  "resources": [
    {
      "mode": "managed",
      "type": "aws_iam_role",
      "name": "TranslationOrder_role",
      "provider": "provider[\"registry.terraform.io/hashicorp/aws\"]",
      "instances": [
        {
          "schema_version": 0,
          "attributes": {
            "arn": "arn:aws:iam::566355141541:role/TranslationOrder",
            "assume_role_policy": "{\"Version\":\"2012-10-17\",\"Statement\":[{\"Effect\":\"Allow\",\"Principal\":{\"Service\":[\"lambda.amazonaws.com\",\"translate.amazonaws.com\"]},\"Action\":\"sts:AssumeRole\"}]}",
            "create_date": "2020-11-15T15:56:00Z",
            "description": "",
            "force_detach_policies": false,
            "id": "TranslationOrder",
            "max_session_duration": 3600,
            "name": "TranslationOrder",
            "name_prefix": null,
            "path": "/",
            "permissions_boundary": null,
            "tags": {},
            "unique_id": "AROAYHXLFUOS2ALAI7ECE"
          },
          "private": "bnVsbA=="
        }
      ]
    },
    {
      "mode": "managed",
      "type": "aws_iam_role",
      "name": "TranslationStateMachine_role",
      "provider": "provider[\"registry.terraform.io/hashicorp/aws\"]",
      "instances": [
        {
          "schema_version": 0,
          "attributes": {
            "arn": "arn:aws:iam::566355141541:role/TranslationStateMachine",
            "assume_role_policy": "{\"Version\":\"2012-10-17\",\"Statement\":[{\"Effect\":\"Allow\",\"Principal\":{\"Service\":\"states.amazonaws.com\"},\"Action\":\"sts:AssumeRole\"}]}",
            "create_date": "2020-11-15T15:56:00Z",
            "description": "",
            "force_detach_policies": false,
            "id": "TranslationStateMachine",
            "max_session_duration": 3600,
            "name": "TranslationStateMachine",
            "name_prefix": null,
            "path": "/",
            "permissions_boundary": null,
            "tags": {},
            "unique_id": "AROAYHXLFUOS54CMXMLRX"
          },
          "private": "bnVsbA=="
        }
      ]
    },
    {
      "mode": "managed",
      "type": "aws_iam_role_policy_attachment",
      "name": "StateMachineInvoker_dynamo_policy",
      "provider": "provider[\"registry.terraform.io/hashicorp/aws\"]",
      "instances": [
        {
          "schema_version": 0,
          "attributes": {
            "id": "StateMachineInvoker-20201115155654173100000009",
            "policy_arn": "arn:aws:iam::aws:policy/AmazonDynamoDBFullAccess",
            "role": "StateMachineInvoker"
          },
          "private": "bnVsbA==",
          "dependencies": [
            "aws_iam_role.TranslationOrder_role",
            "aws_iam_role.TranslationStateMachine_role",
            "aws_sfn_state_machine.TranslationStateMachine",
            "module.lambda_Notification.aws_iam_role.lambda",
            "module.lambda_Notification.aws_lambda_function.this",
            "module.lambda_Notification.aws_s3_bucket_object.lambda_package",
            "module.lambda_Notification.data.aws_iam_policy_document.assume_role",
            "module.lambda_Notification.data.external.archive_prepare",
            "module.lambda_Notification.local_file.archive_plan",
            "module.lambda_Notification.null_resource.archive",
            "module.lambda_OrderState.aws_iam_role.lambda",
            "module.lambda_OrderState.aws_lambda_function.this",
            "module.lambda_OrderState.aws_s3_bucket_object.lambda_package",
            "module.lambda_OrderState.data.aws_iam_policy_document.assume_role",
            "module.lambda_OrderState.data.external.archive_prepare",
            "module.lambda_OrderState.local_file.archive_plan",
            "module.lambda_OrderState.null_resource.archive",
            "module.lambda_StateMachineInvoker.aws_iam_role.lambda",
            "module.lambda_StateMachineInvoker.data.aws_iam_policy_document.assume_role",
            "module.lambda_StatusState.aws_iam_role.lambda",
            "module.lambda_StatusState.aws_lambda_function.this",
            "module.lambda_StatusState.aws_s3_bucket_object.lambda_package",
            "module.lambda_StatusState.data.aws_iam_policy_document.assume_role",
            "module.lambda_StatusState.data.external.archive_prepare",
            "module.lambda_StatusState.local_file.archive_plan",
            "module.lambda_StatusState.null_resource.archive",
            "module.lambda_TranslationOrder.aws_iam_role.lambda",
            "module.lambda_TranslationOrder.aws_lambda_function.this",
            "module.lambda_TranslationOrder.aws_s3_bucket_object.lambda_package",
            "module.lambda_TranslationOrder.data.external.archive_prepare",
            "module.lambda_TranslationOrder.local_file.archive_plan",
            "module.lambda_TranslationOrder.null_resource.archive",
            "module.lambda_layer_jwt.aws_lambda_layer_version.this",
            "module.lambda_layer_jwt.aws_s3_bucket_object.lambda_package",
            "module.lambda_layer_jwt.data.external.archive_prepare",
            "module.lambda_layer_jwt.local_file.archive_plan",
            "module.lambda_layer_jwt.null_resource.archive",
            "module.lambda_layer_requests.aws_lambda_layer_version.this",
            "module.lambda_layer_requests.aws_s3_bucket_object.lambda_package",
            "module.lambda_layer_requests.data.external.archive_prepare",
            "module.lambda_layer_requests.local_file.archive_plan",
            "module.lambda_layer_requests.null_resource.archive",
            "module.lambda_layer_smart_open.aws_lambda_layer_version.this",
            "module.lambda_layer_smart_open.aws_s3_bucket_object.lambda_package",
            "module.lambda_layer_smart_open.data.external.archive_prepare",
            "module.lambda_layer_smart_open.local_file.archive_plan",
            "module.lambda_layer_smart_open.null_resource.archive"
          ]
        }
      ]
    },
    {
      "mode": "managed",
      "type": "aws_iam_role_policy_attachment",
      "name": "StateMachineInvoker_stepfunction_policy",
      "provider": "provider[\"registry.terraform.io/hashicorp/aws\"]",
      "instances": [
        {
          "schema_version": 0,
          "attributes": {
            "id": "StateMachineInvoker-20201115155654157000000008",
            "policy_arn": "arn:aws:iam::aws:policy/AWSStepFunctionsFullAccess",
            "role": "StateMachineInvoker"
          },
          "private": "bnVsbA==",
          "dependencies": [
            "aws_iam_role.TranslationOrder_role",
            "aws_iam_role.TranslationStateMachine_role",
            "aws_sfn_state_machine.TranslationStateMachine",
            "module.lambda_Notification.aws_iam_role.lambda",
            "module.lambda_Notification.aws_lambda_function.this",
            "module.lambda_Notification.aws_s3_bucket_object.lambda_package",
            "module.lambda_Notification.data.aws_iam_policy_document.assume_role",
            "module.lambda_Notification.data.external.archive_prepare",
            "module.lambda_Notification.local_file.archive_plan",
            "module.lambda_Notification.null_resource.archive",
            "module.lambda_OrderState.aws_iam_role.lambda",
            "module.lambda_OrderState.aws_lambda_function.this",
            "module.lambda_OrderState.aws_s3_bucket_object.lambda_package",
            "module.lambda_OrderState.data.aws_iam_policy_document.assume_role",
            "module.lambda_OrderState.data.external.archive_prepare",
            "module.lambda_OrderState.local_file.archive_plan",
            "module.lambda_OrderState.null_resource.archive",
            "module.lambda_StateMachineInvoker.aws_iam_role.lambda",
            "module.lambda_StateMachineInvoker.data.aws_iam_policy_document.assume_role",
            "module.lambda_StatusState.aws_iam_role.lambda",
            "module.lambda_StatusState.aws_lambda_function.this",
            "module.lambda_StatusState.aws_s3_bucket_object.lambda_package",
            "module.lambda_StatusState.data.aws_iam_policy_document.assume_role",
            "module.lambda_StatusState.data.external.archive_prepare",
            "module.lambda_StatusState.local_file.archive_plan",
            "module.lambda_StatusState.null_resource.archive",
            "module.lambda_TranslationOrder.aws_iam_role.lambda",
            "module.lambda_TranslationOrder.aws_lambda_function.this",
            "module.lambda_TranslationOrder.aws_s3_bucket_object.lambda_package",
            "module.lambda_TranslationOrder.data.external.archive_prepare",
            "module.lambda_TranslationOrder.local_file.archive_plan",
            "module.lambda_TranslationOrder.null_resource.archive",
            "module.lambda_layer_jwt.aws_lambda_layer_version.this",
            "module.lambda_layer_jwt.aws_s3_bucket_object.lambda_package",
            "module.lambda_layer_jwt.data.external.archive_prepare",
            "module.lambda_layer_jwt.local_file.archive_plan",
            "module.lambda_layer_jwt.null_resource.archive",
            "module.lambda_layer_requests.aws_lambda_layer_version.this",
            "module.lambda_layer_requests.aws_s3_bucket_object.lambda_package",
            "module.lambda_layer_requests.data.external.archive_prepare",
            "module.lambda_layer_requests.local_file.archive_plan",
            "module.lambda_layer_requests.null_resource.archive",
            "module.lambda_layer_smart_open.aws_lambda_layer_version.this",
            "module.lambda_layer_smart_open.aws_s3_bucket_object.lambda_package",
            "module.lambda_layer_smart_open.data.external.archive_prepare",
            "module.lambda_layer_smart_open.local_file.archive_plan",
            "module.lambda_layer_smart_open.null_resource.archive"
          ]
        }
      ]
    },
    {
      "mode": "managed",
      "type": "aws_iam_role_policy_attachment",
      "name": "StatusState_s3_policy",
      "provider": "provider[\"registry.terraform.io/hashicorp/aws\"]",
      "instances": [
        {
          "schema_version": 0,
          "attributes": {
            "id": "CheckStatus-20201115155607068300000006",
            "policy_arn": "arn:aws:iam::aws:policy/AmazonS3FullAccess",
            "role": "CheckStatus"
          },
          "private": "bnVsbA==",
          "dependencies": [
            "module.lambda_StatusState.aws_iam_role.lambda",
            "module.lambda_StatusState.data.aws_iam_policy_document.assume_role"
          ]
        }
      ]
    },
    {
      "mode": "managed",
      "type": "aws_iam_role_policy_attachment",
      "name": "StatusState_translate_policy",
      "provider": "provider[\"registry.terraform.io/hashicorp/aws\"]",
      "instances": [
        {
          "schema_version": 0,
          "attributes": {
            "id": "CheckStatus-20201115155607087800000007",
            "policy_arn": "arn:aws:iam::aws:policy/TranslateFullAccess",
            "role": "CheckStatus"
          },
          "private": "bnVsbA==",
          "dependencies": [
            "module.lambda_StatusState.aws_iam_role.lambda",
            "module.lambda_StatusState.data.aws_iam_policy_document.assume_role"
          ]
        }
      ]
    },
    {
      "mode": "managed",
      "type": "aws_iam_role_policy_attachment",
      "name": "TranslationOrder_iam_policy",
      "provider": "provider[\"registry.terraform.io/hashicorp/aws\"]",
      "instances": [
        {
          "schema_version": 0,
          "attributes": {
            "id": "TranslationOrder-20201115155606390300000004",
            "policy_arn": "arn:aws:iam::aws:policy/IAMFullAccess",
            "role": "TranslationOrder"
          },
          "private": "bnVsbA==",
          "dependencies": [
            "aws_iam_role.TranslationOrder_role"
          ]
        }
      ]
    },
    {
      "mode": "managed",
      "type": "aws_iam_role_policy_attachment",
      "name": "TranslationOrder_s3_policy",
      "provider": "provider[\"registry.terraform.io/hashicorp/aws\"]",
      "instances": [
        {
          "schema_version": 0,
          "attributes": {
            "id": "TranslationOrder-20201115155600720800000001",
            "policy_arn": "arn:aws:iam::aws:policy/AmazonS3FullAccess",
            "role": "TranslationOrder"
          },
          "private": "bnVsbA==",
          "dependencies": [
            "aws_iam_role.TranslationOrder_role"
          ]
        }
      ]
    },
    {
      "mode": "managed",
      "type": "aws_iam_role_policy_attachment",
      "name": "TranslationOrder_translate_policy",
      "provider": "provider[\"registry.terraform.io/hashicorp/aws\"]",
      "instances": [
        {
          "schema_version": 0,
          "attributes": {
            "id": "TranslationOrder-20201115155607056800000005",
            "policy_arn": "arn:aws:iam::aws:policy/TranslateFullAccess",
            "role": "TranslationOrder"
          },
          "private": "bnVsbA==",
          "dependencies": [
            "aws_iam_role.TranslationOrder_role"
          ]
        }
      ]
    },
    {
      "mode": "managed",
      "type": "aws_iam_role_policy_attachment",
      "name": "TranslationStateMachine_lambda_policy",
      "provider": "provider[\"registry.terraform.io/hashicorp/aws\"]",
      "instances": [
        {
          "schema_version": 0,
          "attributes": {
            "id": "TranslationStateMachine-20201115155600722300000003",
            "policy_arn": "arn:aws:iam::aws:policy/service-role/AWSLambdaRole",
            "role": "TranslationStateMachine"
          },
          "private": "bnVsbA==",
          "dependencies": [
            "aws_iam_role.TranslationStateMachine_role"
          ]
        }
      ]
    },
    {
      "mode": "managed",
      "type": "aws_iam_role_policy_attachment",
      "name": "TranslationStateMachine_xray_policy",
      "provider": "provider[\"registry.terraform.io/hashicorp/aws\"]",
      "instances": [
        {
          "schema_version": 0,
          "attributes": {
            "id": "TranslationStateMachine-20201115155600721000000002",
            "policy_arn": "arn:aws:iam::aws:policy/AWSXRayDaemonWriteAccess",
            "role": "TranslationStateMachine"
          },
          "private": "bnVsbA==",
          "dependencies": [
            "aws_iam_role.TranslationStateMachine_role"
          ]
        }
      ]
    },
    {
      "mode": "managed",
      "type": "aws_sfn_state_machine",
      "name": "TranslationStateMachine",
      "provider": "provider[\"registry.terraform.io/hashicorp/aws\"]",
      "instances": [
        {
          "schema_version": 0,
          "attributes": {
            "arn": "arn:aws:states:eu-west-2:566355141541:stateMachine:Document-Translation",
            "creation_date": "2020-11-15T15:56:51Z",
            "definition": "{\r\n  \"StartAt\": \"Start order\",\r\n  \"Comment\": \"Create initial order for translation.\",\r\n  \"States\": {\r\n    \"Start order\": {\r\n      \"Type\": \"Task\",\r\n      \"Resource\": \"arn:aws:lambda:eu-west-2:566355141541:function:TranslationOrder\",\r\n      \"Parameters\": {\r\n        \"Payload\": {\r\n          \"Input.$\": \"$\"\r\n        }\r\n      },\r\n      \"Next\": \"Is t24 order?\"\r\n    },\r\n    \"Is t24 order?\": {\r\n      \"Type\": \"Choice\",\r\n      \"Choices\": [\r\n        {\r\n          \"Variable\": \"$.translate_type\",\r\n          \"StringEquals\": \"t24\",\r\n          \"Next\": \"Check order. Upload doc if order is good\"\r\n        }\r\n      ],\r\n      \"Default\": \"Check status. Download translation and cleanup if status = completed\"\r\n    },\r\n    \"Check order. Upload doc if order is good\": {\r\n      \"Type\": \"Task\",\r\n      \"Resource\": \"arn:aws:lambda:eu-west-2:566355141541:function:CheckOrder\",\r\n      \"Parameters\": {\r\n        \"Payload\": {\r\n          \"Input.$\": \"$\"\r\n        }\r\n      },\r\n      \"Next\": \"Order success?\"\r\n    },\r\n    \"Order success?\": {\r\n      \"Type\": \"Choice\",\r\n      \"Choices\": [\r\n        {\r\n          \"Variable\": \"$.wait\",\r\n          \"NumericGreaterThan\": 0,\r\n          \"Next\": \"Wait State order\"\r\n        }\r\n      ],\r\n      \"Default\": \"Check status. Download translation and cleanup if status = completed\"\r\n    },\r\n    \"Wait State order\": {\r\n      \"Type\": \"Wait\",\r\n      \"SecondsPath\": \"$.wait\",\r\n      \"Next\": \"Check order. Upload doc if order is good\"\r\n    },\r\n    \"Check status. Download translation and cleanup if status = completed\": {\r\n      \"Type\": \"Task\",\r\n      \"Resource\": \"arn:aws:lambda:eu-west-2:566355141541:function:CheckStatus\",\r\n      \"Parameters\": {\r\n        \"Payload\": {\r\n          \"Input.$\": \"$\"\r\n        }\r\n      },\r\n      \"Next\": \"Status = completed?\"\r\n    },\r\n    \"Status = completed?\": {\r\n      \"Type\": \"Choice\",\r\n      \"Choices\": [\r\n        {\r\n          \"Variable\": \"$.wait\",\r\n          \"NumericGreaterThan\": 0,\r\n          \"Next\": \"Wait State status\"\r\n        }\r\n      ],\r\n      \"Default\": \"Notify\"\r\n    },\r\n    \"Wait State status\": {\r\n      \"Type\": \"Wait\",\r\n      \"SecondsPath\": \"$.wait\",\r\n      \"Next\": \"Check status. Download translation and cleanup if status = completed\"\r\n    },\r\n    \"Notify\": {\r\n      \"Type\": \"Task\",\r\n      \"Resource\": \"arn:aws:lambda:eu-west-2:566355141541:function:Notification\",\r\n      \"Parameters\": {\r\n        \"Payload\": {\r\n          \"Input.$\": \"$\"\r\n        }\r\n      },\r\n      \"End\": true\r\n    }\r\n  }\r\n}\r\n",
            "id": "arn:aws:states:eu-west-2:566355141541:stateMachine:Document-Translation",
            "name": "Document-Translation",
            "role_arn": "arn:aws:iam::566355141541:role/TranslationStateMachine",
            "status": "ACTIVE",
            "tags": {}
          },
          "private": "bnVsbA==",
          "dependencies": [
            "aws_iam_role.TranslationOrder_role",
            "aws_iam_role.TranslationStateMachine_role",
            "module.lambda_Notification.aws_iam_role.lambda",
            "module.lambda_Notification.aws_lambda_function.this",
            "module.lambda_Notification.aws_s3_bucket_object.lambda_package",
            "module.lambda_Notification.data.aws_iam_policy_document.assume_role",
            "module.lambda_Notification.data.external.archive_prepare",
            "module.lambda_Notification.local_file.archive_plan",
            "module.lambda_Notification.null_resource.archive",
            "module.lambda_OrderState.aws_iam_role.lambda",
            "module.lambda_OrderState.aws_lambda_function.this",
            "module.lambda_OrderState.aws_s3_bucket_object.lambda_package",
            "module.lambda_OrderState.data.aws_iam_policy_document.assume_role",
            "module.lambda_OrderState.data.external.archive_prepare",
            "module.lambda_OrderState.local_file.archive_plan",
            "module.lambda_OrderState.null_resource.archive",
            "module.lambda_StatusState.aws_iam_role.lambda",
            "module.lambda_StatusState.aws_lambda_function.this",
            "module.lambda_StatusState.aws_s3_bucket_object.lambda_package",
            "module.lambda_StatusState.data.aws_iam_policy_document.assume_role",
            "module.lambda_StatusState.data.external.archive_prepare",
            "module.lambda_StatusState.local_file.archive_plan",
            "module.lambda_StatusState.null_resource.archive",
            "module.lambda_TranslationOrder.aws_iam_role.lambda",
            "module.lambda_TranslationOrder.aws_lambda_function.this",
            "module.lambda_TranslationOrder.aws_s3_bucket_object.lambda_package",
            "module.lambda_TranslationOrder.data.external.archive_prepare",
            "module.lambda_TranslationOrder.local_file.archive_plan",
            "module.lambda_TranslationOrder.null_resource.archive",
            "module.lambda_layer_jwt.aws_lambda_layer_version.this",
            "module.lambda_layer_jwt.aws_s3_bucket_object.lambda_package",
            "module.lambda_layer_jwt.data.external.archive_prepare",
            "module.lambda_layer_jwt.local_file.archive_plan",
            "module.lambda_layer_jwt.null_resource.archive",
            "module.lambda_layer_requests.aws_lambda_layer_version.this",
            "module.lambda_layer_requests.aws_s3_bucket_object.lambda_package",
            "module.lambda_layer_requests.data.external.archive_prepare",
            "module.lambda_layer_requests.local_file.archive_plan",
            "module.lambda_layer_requests.null_resource.archive",
            "module.lambda_layer_smart_open.aws_lambda_layer_version.this",
            "module.lambda_layer_smart_open.aws_s3_bucket_object.lambda_package",
            "module.lambda_layer_smart_open.data.external.archive_prepare",
            "module.lambda_layer_smart_open.local_file.archive_plan",
            "module.lambda_layer_smart_open.null_resource.archive"
          ]
        }
      ]
    },
    {
      "module": "module.dynamodb_table",
      "mode": "managed",
      "type": "aws_dynamodb_table",
      "name": "this",
      "provider": "provider[\"registry.terraform.io/hashicorp/aws\"]",
      "instances": [
        {
          "index_key": 0,
          "schema_version": 1,
          "attributes": {
            "arn": "arn:aws:dynamodb:eu-west-2:566355141541:table/translation_order",
            "attribute": [
              {
                "name": "id",
                "type": "N"
              }
            ],
            "billing_mode": "PAY_PER_REQUEST",
            "global_secondary_index": [],
            "hash_key": "id",
            "id": "translation_order",
            "local_secondary_index": [],
            "name": "translation_order",
            "point_in_time_recovery": [
              {
                "enabled": false
              }
            ],
            "range_key": null,
            "read_capacity": 0,
            "replica": [],
            "server_side_encryption": [],
            "stream_arn": "arn:aws:dynamodb:eu-west-2:566355141541:table/translation_order/stream/2020-11-15T15:56:00.964",
            "stream_enabled": true,
            "stream_label": "2020-11-15T15:56:00.964",
            "stream_view_type": "NEW_IMAGE",
            "tags": {
              "Name": "translation_order"
            },
            "timeouts": {
              "create": "10m",
              "delete": "10m",
              "update": "60m"
            },
            "ttl": [
              {
                "attribute_name": "",
                "enabled": false
              }
            ],
            "write_capacity": 0
          },
          "private": "eyJlMmJmYjczMC1lY2FhLTExZTYtOGY4OC0zNDM2M2JjN2M0YzAiOnsiY3JlYXRlIjo2MDAwMDAwMDAwMDAsImRlbGV0ZSI6NjAwMDAwMDAwMDAwLCJ1cGRhdGUiOjM2MDAwMDAwMDAwMDB9LCJzY2hlbWFfdmVyc2lvbiI6IjEifQ=="
        }
      ]
    },
    {
      "module": "module.lambda_Notification",
      "mode": "data",
      "type": "aws_iam_policy_document",
      "name": "assume_role",
      "provider": "provider[\"registry.terraform.io/hashicorp/aws\"]",
      "instances": [
        {
          "index_key": 0,
          "schema_version": 0,
          "attributes": {
            "id": "3693445097",
            "json": "{\n  \"Version\": \"2012-10-17\",\n  \"Statement\": [\n    {\n      \"Sid\": \"\",\n      \"Effect\": \"Allow\",\n      \"Action\": \"sts:AssumeRole\",\n      \"Principal\": {\n        \"Service\": \"lambda.amazonaws.com\"\n      }\n    }\n  ]\n}",
            "override_json": null,
            "policy_id": null,
            "source_json": null,
            "statement": [
              {
                "actions": [
                  "sts:AssumeRole"
                ],
                "condition": [],
                "effect": "Allow",
                "not_actions": [],
                "not_principals": [],
                "not_resources": [],
                "principals": [
                  {
                    "identifiers": [
                      "lambda.amazonaws.com"
                    ],
                    "type": "Service"
                  }
                ],
                "resources": [],
                "sid": ""
              }
            ],
            "version": "2012-10-17"
          }
        }
      ]
    },
    {
      "module": "module.lambda_Notification",
      "mode": "data",
      "type": "aws_iam_policy_document",
      "name": "logs",
      "provider": "provider[\"registry.terraform.io/hashicorp/aws\"]",
      "instances": [
        {
          "index_key": 0,
          "schema_version": 0,
          "attributes": {
            "id": "1699504239",
            "json": "{\n  \"Version\": \"2012-10-17\",\n  \"Statement\": [\n    {\n      \"Sid\": \"\",\n      \"Effect\": \"Allow\",\n      \"Action\": [\n        \"logs:PutLogEvents\",\n        \"logs:CreateLogStream\"\n      ],\n      \"Resource\": [\n        \"arn:aws:logs:eu-west-2:566355141541:log-group:/aws/lambda/Notification:*:*\",\n        \"arn:aws:logs:eu-west-2:566355141541:log-group:/aws/lambda/Notification:*\"\n      ]\n    }\n  ]\n}",
            "override_json": null,
            "policy_id": null,
            "source_json": null,
            "statement": [
              {
                "actions": [
                  "logs:CreateLogStream",
                  "logs:PutLogEvents"
                ],
                "condition": [],
                "effect": "Allow",
                "not_actions": [],
                "not_principals": [],
                "not_resources": [],
                "principals": [],
                "resources": [
                  "arn:aws:logs:eu-west-2:566355141541:log-group:/aws/lambda/Notification:*",
                  "arn:aws:logs:eu-west-2:566355141541:log-group:/aws/lambda/Notification:*:*"
                ],
                "sid": ""
              }
            ],
            "version": "2012-10-17"
          }
        }
      ]
    },
    {
      "module": "module.lambda_Notification",
      "mode": "data",
      "type": "external",
      "name": "archive_prepare",
      "provider": "provider[\"registry.terraform.io/hashicorp/external\"]",
      "instances": [
        {
          "index_key": 0,
          "schema_version": 0,
          "attributes": {
            "id": "-",
            "program": [
              "python3",
              ".terraform/modules/lambda_Notification/package.py",
              "prepare"
            ],
            "query": {
              "artifacts_dir": "builds",
              "hash_extra": "",
              "hash_extra_paths": "[]",
              "paths": "{\"cwd\":\"/mnt/c/Users/Jamy/Desktop/git/terraform/translate\",\"module\":\".terraform/modules/lambda_Notification\",\"root\":\".\"}",
              "runtime": "python3.8",
              "source_path": "\"src/lambdas/Notification.py\""
            },
            "result": {
              "build_plan": "{\"filename\": \"builds/ca669f11cdc1ad4245ee92818e970d76f1bca94247fcd9bba46408715a3dc70a.zip\", \"runtime\": \"python3.8\", \"artifacts_dir\": \"builds\", \"build_plan\": [[\"zip\", \"src/lambdas/Notification.py\", null]]}",
              "build_plan_filename": "builds/ca669f11cdc1ad4245ee92818e970d76f1bca94247fcd9bba46408715a3dc70a.plan.json",
              "filename": "builds/ca669f11cdc1ad4245ee92818e970d76f1bca94247fcd9bba46408715a3dc70a.zip",
              "timestamp": "1605451166959881000",
              "was_missing": "false"
            },
            "working_dir": "/mnt/c/Users/Jamy/Desktop/git/terraform/translate"
          }
        }
      ]
    },
    {
      "module": "module.lambda_Notification",
      "mode": "managed",
      "type": "aws_cloudwatch_log_group",
      "name": "lambda",
      "provider": "provider[\"registry.terraform.io/hashicorp/aws\"]",
      "instances": [
        {
          "index_key": 0,
          "schema_version": 0,
          "attributes": {
            "arn": "arn:aws:logs:eu-west-2:566355141541:log-group:/aws/lambda/Notification",
            "id": "/aws/lambda/Notification",
            "kms_key_id": "",
            "name": "/aws/lambda/Notification",
            "name_prefix": null,
            "retention_in_days": 0,
            "tags": {}
          },
          "private": "bnVsbA=="
        }
      ]
    },
    {
      "module": "module.lambda_Notification",
      "mode": "managed",
      "type": "aws_iam_policy",
      "name": "logs",
      "provider": "provider[\"registry.terraform.io/hashicorp/aws\"]",
      "instances": [
        {
          "index_key": 0,
          "schema_version": 0,
          "attributes": {
            "arn": "arn:aws:iam::566355141541:policy/Notification-logs",
            "description": "",
            "id": "arn:aws:iam::566355141541:policy/Notification-logs",
            "name": "Notification-logs",
            "name_prefix": null,
            "path": "/",
            "policy": "{\n  \"Version\": \"2012-10-17\",\n  \"Statement\": [\n    {\n      \"Sid\": \"\",\n      \"Effect\": \"Allow\",\n      \"Action\": [\n        \"logs:PutLogEvents\",\n        \"logs:CreateLogStream\"\n      ],\n      \"Resource\": [\n        \"arn:aws:logs:eu-west-2:566355141541:log-group:/aws/lambda/Notification:*:*\",\n        \"arn:aws:logs:eu-west-2:566355141541:log-group:/aws/lambda/Notification:*\"\n      ]\n    }\n  ]\n}"
          },
          "private": "bnVsbA==",
          "dependencies": [
            "module.lambda_Notification.aws_cloudwatch_log_group.lambda",
            "module.lambda_Notification.data.aws_arn.log_group_arn",
            "module.lambda_Notification.data.aws_cloudwatch_log_group.lambda",
            "module.lambda_Notification.data.aws_iam_policy_document.logs"
          ]
        }
      ]
    },
    {
      "module": "module.lambda_Notification",
      "mode": "managed",
      "type": "aws_iam_policy_attachment",
      "name": "logs",
      "provider": "provider[\"registry.terraform.io/hashicorp/aws\"]",
      "instances": [
        {
          "index_key": 0,
          "schema_version": 0,
          "attributes": {
            "groups": [],
            "id": "Notification-logs",
            "name": "Notification-logs",
            "policy_arn": "arn:aws:iam::566355141541:policy/Notification-logs",
            "roles": [
              "Notification"
            ],
            "users": []
          },
          "private": "bnVsbA==",
          "dependencies": [
            "module.lambda_Notification.aws_cloudwatch_log_group.lambda",
            "module.lambda_Notification.aws_iam_policy.logs",
            "module.lambda_Notification.aws_iam_role.lambda",
            "module.lambda_Notification.data.aws_arn.log_group_arn",
            "module.lambda_Notification.data.aws_cloudwatch_log_group.lambda",
            "module.lambda_Notification.data.aws_iam_policy_document.assume_role",
            "module.lambda_Notification.data.aws_iam_policy_document.logs"
          ]
        }
      ]
    },
    {
      "module": "module.lambda_Notification",
      "mode": "managed",
      "type": "aws_iam_role",
      "name": "lambda",
      "provider": "provider[\"registry.terraform.io/hashicorp/aws\"]",
      "instances": [
        {
          "index_key": 0,
          "schema_version": 0,
          "attributes": {
            "arn": "arn:aws:iam::566355141541:role/Notification",
            "assume_role_policy": "{\"Version\":\"2012-10-17\",\"Statement\":[{\"Sid\":\"\",\"Effect\":\"Allow\",\"Principal\":{\"Service\":\"lambda.amazonaws.com\"},\"Action\":\"sts:AssumeRole\"}]}",
            "create_date": "2020-11-15T15:56:00Z",
            "description": "",
            "force_detach_policies": true,
            "id": "Notification",
            "max_session_duration": 3600,
            "name": "Notification",
            "name_prefix": null,
            "path": "/",
            "permissions_boundary": null,
            "tags": {},
            "unique_id": "AROAYHXLFUOSXIOCSK4GZ"
          },
          "private": "bnVsbA==",
          "dependencies": [
            "module.lambda_Notification.data.aws_iam_policy_document.assume_role"
          ]
        }
      ]
    },
    {
      "module": "module.lambda_Notification",
      "mode": "managed",
      "type": "aws_lambda_function",
      "name": "this",
      "provider": "provider[\"registry.terraform.io/hashicorp/aws\"]",
      "instances": [
        {
          "index_key": 0,
          "schema_version": 0,
          "attributes": {
            "arn": "arn:aws:lambda:eu-west-2:566355141541:function:Notification",
            "dead_letter_config": [],
            "description": "Check if order is finished. Download translated file.",
            "environment": [],
            "file_system_config": [],
            "filename": "builds/ca669f11cdc1ad4245ee92818e970d76f1bca94247fcd9bba46408715a3dc70a.zip",
            "function_name": "Notification",
            "handler": "Notification.lambda_handler",
            "id": "Notification",
            "invoke_arn": "arn:aws:apigateway:eu-west-2:lambda:path/2015-03-31/functions/arn:aws:lambda:eu-west-2:566355141541:function:Notification/invocations",
            "kms_key_arn": "",
            "last_modified": "2020-11-15T15:56:15.105+0000",
            "layers": [],
            "memory_size": 128,
            "publish": true,
            "qualified_arn": "arn:aws:lambda:eu-west-2:566355141541:function:Notification:3",
            "reserved_concurrent_executions": -1,
            "role": "arn:aws:iam::566355141541:role/Notification",
            "runtime": "python3.8",
            "s3_bucket": null,
            "s3_key": null,
            "s3_object_version": null,
            "source_code_hash": "VBgwV7A4zGox7iDl2PaOtDWtlNwIB6X21m/vFNn3S7k=",
            "source_code_size": 205,
            "tags": {},
            "timeout": 60,
            "timeouts": null,
            "tracing_config": [
              {
                "mode": "PassThrough"
              }
            ],
            "version": "3",
            "vpc_config": []
          },
          "private": "eyJlMmJmYjczMC1lY2FhLTExZTYtOGY4OC0zNDM2M2JjN2M0YzAiOnsiY3JlYXRlIjo2MDAwMDAwMDAwMDB9fQ==",
          "dependencies": [
            "module.lambda_Notification.aws_iam_role.lambda",
            "module.lambda_Notification.aws_s3_bucket_object.lambda_package",
            "module.lambda_Notification.data.aws_iam_policy_document.assume_role",
            "module.lambda_Notification.data.external.archive_prepare",
            "module.lambda_Notification.local_file.archive_plan",
            "module.lambda_Notification.null_resource.archive"
          ]
        }
      ]
    },
    {
      "module": "module.lambda_Notification",
      "mode": "managed",
      "type": "local_file",
      "name": "archive_plan",
      "provider": "provider[\"registry.terraform.io/hashicorp/local\"]",
      "instances": [
        {
          "index_key": 0,
          "schema_version": 0,
          "attributes": {
            "content": "{\"filename\": \"builds/ca669f11cdc1ad4245ee92818e970d76f1bca94247fcd9bba46408715a3dc70a.zip\", \"runtime\": \"python3.8\", \"artifacts_dir\": \"builds\", \"build_plan\": [[\"zip\", \"src/lambdas/Notification.py\", null]]}",
            "content_base64": null,
            "directory_permission": "0755",
            "file_permission": "0644",
            "filename": "builds/ca669f11cdc1ad4245ee92818e970d76f1bca94247fcd9bba46408715a3dc70a.plan.json",
            "id": "bf47c988997fee62e3cedd8f90f54e21ebc768d2",
            "sensitive_content": null
          },
          "private": "bnVsbA==",
          "dependencies": [
            "module.lambda_Notification.data.external.archive_prepare"
          ]
        }
      ]
    },
    {
      "module": "module.lambda_Notification",
      "mode": "managed",
      "type": "null_resource",
      "name": "archive",
      "provider": "provider[\"registry.terraform.io/hashicorp/null\"]",
      "instances": [
        {
          "index_key": 0,
          "schema_version": 0,
          "attributes": {
            "id": "250672331752707223",
            "triggers": {
              "filename": "builds/ca669f11cdc1ad4245ee92818e970d76f1bca94247fcd9bba46408715a3dc70a.zip",
              "timestamp": "1605451166959881000"
            }
          },
          "dependencies": [
            "module.lambda_Notification.data.external.archive_prepare",
            "module.lambda_Notification.local_file.archive_plan"
          ]
        }
      ]
    },
    {
      "module": "module.lambda_OrderState",
      "mode": "data",
      "type": "aws_iam_policy_document",
      "name": "assume_role",
      "provider": "provider[\"registry.terraform.io/hashicorp/aws\"]",
      "instances": [
        {
          "index_key": 0,
          "schema_version": 0,
          "attributes": {
            "id": "3693445097",
            "json": "{\n  \"Version\": \"2012-10-17\",\n  \"Statement\": [\n    {\n      \"Sid\": \"\",\n      \"Effect\": \"Allow\",\n      \"Action\": \"sts:AssumeRole\",\n      \"Principal\": {\n        \"Service\": \"lambda.amazonaws.com\"\n      }\n    }\n  ]\n}",
            "override_json": null,
            "policy_id": null,
            "source_json": null,
            "statement": [
              {
                "actions": [
                  "sts:AssumeRole"
                ],
                "condition": [],
                "effect": "Allow",
                "not_actions": [],
                "not_principals": [],
                "not_resources": [],
                "principals": [
                  {
                    "identifiers": [
                      "lambda.amazonaws.com"
                    ],
                    "type": "Service"
                  }
                ],
                "resources": [],
                "sid": ""
              }
            ],
            "version": "2012-10-17"
          }
        }
      ]
    },
    {
      "module": "module.lambda_OrderState",
      "mode": "data",
      "type": "aws_iam_policy_document",
      "name": "logs",
      "provider": "provider[\"registry.terraform.io/hashicorp/aws\"]",
      "instances": [
        {
          "index_key": 0,
          "schema_version": 0,
          "attributes": {
            "id": "1241823581",
            "json": "{\n  \"Version\": \"2012-10-17\",\n  \"Statement\": [\n    {\n      \"Sid\": \"\",\n      \"Effect\": \"Allow\",\n      \"Action\": [\n        \"logs:PutLogEvents\",\n        \"logs:CreateLogStream\"\n      ],\n      \"Resource\": [\n        \"arn:aws:logs:eu-west-2:566355141541:log-group:/aws/lambda/CheckOrder:*:*\",\n        \"arn:aws:logs:eu-west-2:566355141541:log-group:/aws/lambda/CheckOrder:*\"\n      ]\n    }\n  ]\n}",
            "override_json": null,
            "policy_id": null,
            "source_json": null,
            "statement": [
              {
                "actions": [
                  "logs:CreateLogStream",
                  "logs:PutLogEvents"
                ],
                "condition": [],
                "effect": "Allow",
                "not_actions": [],
                "not_principals": [],
                "not_resources": [],
                "principals": [],
                "resources": [
                  "arn:aws:logs:eu-west-2:566355141541:log-group:/aws/lambda/CheckOrder:*",
                  "arn:aws:logs:eu-west-2:566355141541:log-group:/aws/lambda/CheckOrder:*:*"
                ],
                "sid": ""
              }
            ],
            "version": "2012-10-17"
          }
        }
      ]
    },
    {
      "module": "module.lambda_OrderState",
      "mode": "data",
      "type": "external",
      "name": "archive_prepare",
      "provider": "provider[\"registry.terraform.io/hashicorp/external\"]",
      "instances": [
        {
          "index_key": 0,
          "schema_version": 0,
          "attributes": {
            "id": "-",
            "program": [
              "python3",
              ".terraform/modules/lambda_OrderState/package.py",
              "prepare"
            ],
            "query": {
              "artifacts_dir": "builds",
              "hash_extra": "",
              "hash_extra_paths": "[]",
              "paths": "{\"cwd\":\"/mnt/c/Users/Jamy/Desktop/git/terraform/translate\",\"module\":\".terraform/modules/lambda_OrderState\",\"root\":\".\"}",
              "runtime": "python3.8",
              "source_path": "\"src/lambdas/CheckOrder.py\""
            },
            "result": {
              "build_plan": "{\"filename\": \"builds/813688a140df01571a5b81b19fbf6d24d7bc09b8310c6483f57301fc3c979ef7.zip\", \"runtime\": \"python3.8\", \"artifacts_dir\": \"builds\", \"build_plan\": [[\"zip\", \"src/lambdas/CheckOrder.py\", null]]}",
              "build_plan_filename": "builds/813688a140df01571a5b81b19fbf6d24d7bc09b8310c6483f57301fc3c979ef7.plan.json",
              "filename": "builds/813688a140df01571a5b81b19fbf6d24d7bc09b8310c6483f57301fc3c979ef7.zip",
              "timestamp": "1605450670214667000",
              "was_missing": "false"
            },
            "working_dir": "/mnt/c/Users/Jamy/Desktop/git/terraform/translate"
          }
        }
      ]
    },
    {
      "module": "module.lambda_OrderState",
      "mode": "managed",
      "type": "aws_cloudwatch_log_group",
      "name": "lambda",
      "provider": "provider[\"registry.terraform.io/hashicorp/aws\"]",
      "instances": [
        {
          "index_key": 0,
          "schema_version": 0,
          "attributes": {
            "arn": "arn:aws:logs:eu-west-2:566355141541:log-group:/aws/lambda/CheckOrder",
            "id": "/aws/lambda/CheckOrder",
            "kms_key_id": "",
            "name": "/aws/lambda/CheckOrder",
            "name_prefix": null,
            "retention_in_days": 0,
            "tags": {}
          },
          "private": "bnVsbA=="
        }
      ]
    },
    {
      "module": "module.lambda_OrderState",
      "mode": "managed",
      "type": "aws_iam_policy",
      "name": "logs",
      "provider": "provider[\"registry.terraform.io/hashicorp/aws\"]",
      "instances": [
        {
          "index_key": 0,
          "schema_version": 0,
          "attributes": {
            "arn": "arn:aws:iam::566355141541:policy/CheckOrder-logs",
            "description": "",
            "id": "arn:aws:iam::566355141541:policy/CheckOrder-logs",
            "name": "CheckOrder-logs",
            "name_prefix": null,
            "path": "/",
            "policy": "{\n  \"Version\": \"2012-10-17\",\n  \"Statement\": [\n    {\n      \"Sid\": \"\",\n      \"Effect\": \"Allow\",\n      \"Action\": [\n        \"logs:PutLogEvents\",\n        \"logs:CreateLogStream\"\n      ],\n      \"Resource\": [\n        \"arn:aws:logs:eu-west-2:566355141541:log-group:/aws/lambda/CheckOrder:*:*\",\n        \"arn:aws:logs:eu-west-2:566355141541:log-group:/aws/lambda/CheckOrder:*\"\n      ]\n    }\n  ]\n}"
          },
          "private": "bnVsbA==",
          "dependencies": [
            "module.lambda_OrderState.aws_cloudwatch_log_group.lambda",
            "module.lambda_OrderState.data.aws_arn.log_group_arn",
            "module.lambda_OrderState.data.aws_cloudwatch_log_group.lambda",
            "module.lambda_OrderState.data.aws_iam_policy_document.logs"
          ]
        }
      ]
    },
    {
      "module": "module.lambda_OrderState",
      "mode": "managed",
      "type": "aws_iam_policy_attachment",
      "name": "logs",
      "provider": "provider[\"registry.terraform.io/hashicorp/aws\"]",
      "instances": [
        {
          "index_key": 0,
          "schema_version": 0,
          "attributes": {
            "groups": [],
            "id": "CheckOrder-logs",
            "name": "CheckOrder-logs",
            "policy_arn": "arn:aws:iam::566355141541:policy/CheckOrder-logs",
            "roles": [
              "CheckOrder"
            ],
            "users": []
          },
          "private": "bnVsbA==",
          "dependencies": [
            "module.lambda_OrderState.aws_cloudwatch_log_group.lambda",
            "module.lambda_OrderState.aws_iam_policy.logs",
            "module.lambda_OrderState.aws_iam_role.lambda",
            "module.lambda_OrderState.data.aws_arn.log_group_arn",
            "module.lambda_OrderState.data.aws_cloudwatch_log_group.lambda",
            "module.lambda_OrderState.data.aws_iam_policy_document.assume_role",
            "module.lambda_OrderState.data.aws_iam_policy_document.logs"
          ]
        }
      ]
    },
    {
      "module": "module.lambda_OrderState",
      "mode": "managed",
      "type": "aws_iam_role",
      "name": "lambda",
      "provider": "provider[\"registry.terraform.io/hashicorp/aws\"]",
      "instances": [
        {
          "index_key": 0,
          "schema_version": 0,
          "attributes": {
            "arn": "arn:aws:iam::566355141541:role/CheckOrder",
            "assume_role_policy": "{\"Version\":\"2012-10-17\",\"Statement\":[{\"Sid\":\"\",\"Effect\":\"Allow\",\"Principal\":{\"Service\":\"lambda.amazonaws.com\"},\"Action\":\"sts:AssumeRole\"}]}",
            "create_date": "2020-11-15T15:56:00Z",
            "description": "",
            "force_detach_policies": true,
            "id": "CheckOrder",
            "max_session_duration": 3600,
            "name": "CheckOrder",
            "name_prefix": null,
            "path": "/",
            "permissions_boundary": null,
            "tags": {},
            "unique_id": "AROAYHXLFUOSSFFZIIYLD"
          },
          "private": "bnVsbA==",
          "dependencies": [
            "module.lambda_OrderState.data.aws_iam_policy_document.assume_role"
          ]
        }
      ]
    },
    {
      "module": "module.lambda_OrderState",
      "mode": "managed",
      "type": "aws_lambda_function",
      "name": "this",
      "provider": "provider[\"registry.terraform.io/hashicorp/aws\"]",
      "instances": [
        {
          "index_key": 0,
          "schema_version": 0,
          "attributes": {
            "arn": "arn:aws:lambda:eu-west-2:566355141541:function:CheckOrder",
            "dead_letter_config": [],
            "description": "Second step from t24, checks if order is good",
            "environment": [
              {
                "variables": {
                  "t24api": "https://api-test.24t.net/"
                }
              }
            ],
            "file_system_config": [],
            "filename": "builds/813688a140df01571a5b81b19fbf6d24d7bc09b8310c6483f57301fc3c979ef7.zip",
            "function_name": "CheckOrder",
            "handler": "CheckOrder.lambda_handler",
            "id": "CheckOrder",
            "invoke_arn": "arn:aws:apigateway:eu-west-2:lambda:path/2015-03-31/functions/arn:aws:lambda:eu-west-2:566355141541:function:CheckOrder/invocations",
            "kms_key_arn": "",
            "last_modified": "2020-11-15T15:56:33.277+0000",
            "layers": [
              "arn:aws:lambda:eu-west-2:566355141541:layer:requests-lib:3",
              "arn:aws:lambda:eu-west-2:566355141541:layer:jwt-lib:3"
            ],
            "memory_size": 128,
            "publish": true,
            "qualified_arn": "arn:aws:lambda:eu-west-2:566355141541:function:CheckOrder:3",
            "reserved_concurrent_executions": -1,
            "role": "arn:aws:iam::566355141541:role/CheckOrder",
            "runtime": "python3.8",
            "s3_bucket": null,
            "s3_key": null,
            "s3_object_version": null,
            "source_code_hash": "dy9AJbeVVBAPMhxVpBGBk90kEKX0k2w2geCsFHeH3HM=",
            "source_code_size": 735,
            "tags": {},
            "timeout": 60,
            "timeouts": null,
            "tracing_config": [
              {
                "mode": "PassThrough"
              }
            ],
            "version": "3",
            "vpc_config": []
          },
          "private": "eyJlMmJmYjczMC1lY2FhLTExZTYtOGY4OC0zNDM2M2JjN2M0YzAiOnsiY3JlYXRlIjo2MDAwMDAwMDAwMDB9fQ==",
          "dependencies": [
            "module.lambda_OrderState.aws_iam_role.lambda",
            "module.lambda_OrderState.aws_s3_bucket_object.lambda_package",
            "module.lambda_OrderState.data.aws_iam_policy_document.assume_role",
            "module.lambda_OrderState.data.external.archive_prepare",
            "module.lambda_OrderState.local_file.archive_plan",
            "module.lambda_OrderState.null_resource.archive",
            "module.lambda_layer_jwt.aws_lambda_layer_version.this",
            "module.lambda_layer_jwt.aws_s3_bucket_object.lambda_package",
            "module.lambda_layer_jwt.data.external.archive_prepare",
            "module.lambda_layer_jwt.local_file.archive_plan",
            "module.lambda_layer_jwt.null_resource.archive",
            "module.lambda_layer_requests.aws_lambda_layer_version.this",
            "module.lambda_layer_requests.aws_s3_bucket_object.lambda_package",
            "module.lambda_layer_requests.data.external.archive_prepare",
            "module.lambda_layer_requests.local_file.archive_plan",
            "module.lambda_layer_requests.null_resource.archive"
          ]
        }
      ]
    },
    {
      "module": "module.lambda_OrderState",
      "mode": "managed",
      "type": "local_file",
      "name": "archive_plan",
      "provider": "provider[\"registry.terraform.io/hashicorp/local\"]",
      "instances": [
        {
          "index_key": 0,
          "schema_version": 0,
          "attributes": {
            "content": "{\"filename\": \"builds/813688a140df01571a5b81b19fbf6d24d7bc09b8310c6483f57301fc3c979ef7.zip\", \"runtime\": \"python3.8\", \"artifacts_dir\": \"builds\", \"build_plan\": [[\"zip\", \"src/lambdas/CheckOrder.py\", null]]}",
            "content_base64": null,
            "directory_permission": "0755",
            "file_permission": "0644",
            "filename": "builds/813688a140df01571a5b81b19fbf6d24d7bc09b8310c6483f57301fc3c979ef7.plan.json",
            "id": "29933954619a60e3274c05ad003e35fbb6fd9682",
            "sensitive_content": null
          },
          "private": "bnVsbA==",
          "dependencies": [
            "module.lambda_OrderState.data.external.archive_prepare"
          ]
        }
      ]
    },
    {
      "module": "module.lambda_OrderState",
      "mode": "managed",
      "type": "null_resource",
      "name": "archive",
      "provider": "provider[\"registry.terraform.io/hashicorp/null\"]",
      "instances": [
        {
          "index_key": 0,
          "schema_version": 0,
          "attributes": {
            "id": "4540219513786643110",
            "triggers": {
              "filename": "builds/813688a140df01571a5b81b19fbf6d24d7bc09b8310c6483f57301fc3c979ef7.zip",
              "timestamp": "1605450670214667000"
            }
          },
          "dependencies": [
            "module.lambda_OrderState.data.external.archive_prepare",
            "module.lambda_OrderState.local_file.archive_plan"
          ]
        }
      ]
    },
    {
      "module": "module.lambda_StateMachineInvoker",
      "mode": "data",
      "type": "aws_iam_policy_document",
      "name": "assume_role",
      "provider": "provider[\"registry.terraform.io/hashicorp/aws\"]",
      "instances": [
        {
          "index_key": 0,
          "schema_version": 0,
          "attributes": {
            "id": "3693445097",
            "json": "{\n  \"Version\": \"2012-10-17\",\n  \"Statement\": [\n    {\n      \"Sid\": \"\",\n      \"Effect\": \"Allow\",\n      \"Action\": \"sts:AssumeRole\",\n      \"Principal\": {\n        \"Service\": \"lambda.amazonaws.com\"\n      }\n    }\n  ]\n}",
            "override_json": null,
            "policy_id": null,
            "source_json": null,
            "statement": [
              {
                "actions": [
                  "sts:AssumeRole"
                ],
                "condition": [],
                "effect": "Allow",
                "not_actions": [],
                "not_principals": [],
                "not_resources": [],
                "principals": [
                  {
                    "identifiers": [
                      "lambda.amazonaws.com"
                    ],
                    "type": "Service"
                  }
                ],
                "resources": [],
                "sid": ""
              }
            ],
            "version": "2012-10-17"
          }
        }
      ]
    },
    {
      "module": "module.lambda_StateMachineInvoker",
      "mode": "data",
      "type": "aws_iam_policy_document",
      "name": "logs",
      "provider": "provider[\"registry.terraform.io/hashicorp/aws\"]",
      "instances": [
        {
          "index_key": 0,
          "schema_version": 0,
          "attributes": {
            "id": "2978334014",
            "json": "{\n  \"Version\": \"2012-10-17\",\n  \"Statement\": [\n    {\n      \"Sid\": \"\",\n      \"Effect\": \"Allow\",\n      \"Action\": [\n        \"logs:PutLogEvents\",\n        \"logs:CreateLogStream\"\n      ],\n      \"Resource\": [\n        \"arn:aws:logs:eu-west-2:566355141541:log-group:/aws/lambda/StateMachineInvoker:*:*\",\n        \"arn:aws:logs:eu-west-2:566355141541:log-group:/aws/lambda/StateMachineInvoker:*\"\n      ]\n    }\n  ]\n}",
            "override_json": null,
            "policy_id": null,
            "source_json": null,
            "statement": [
              {
                "actions": [
                  "logs:CreateLogStream",
                  "logs:PutLogEvents"
                ],
                "condition": [],
                "effect": "Allow",
                "not_actions": [],
                "not_principals": [],
                "not_resources": [],
                "principals": [],
                "resources": [
                  "arn:aws:logs:eu-west-2:566355141541:log-group:/aws/lambda/StateMachineInvoker:*",
                  "arn:aws:logs:eu-west-2:566355141541:log-group:/aws/lambda/StateMachineInvoker:*:*"
                ],
                "sid": ""
              }
            ],
            "version": "2012-10-17"
          }
        }
      ]
    },
    {
      "module": "module.lambda_StateMachineInvoker",
      "mode": "data",
      "type": "external",
      "name": "archive_prepare",
      "provider": "provider[\"registry.terraform.io/hashicorp/external\"]",
      "instances": [
        {
          "index_key": 0,
          "schema_version": 0,
          "attributes": {
            "id": "-",
            "program": [
              "python3",
              ".terraform/modules/lambda_StateMachineInvoker/package.py",
              "prepare"
            ],
            "query": {
              "artifacts_dir": "builds",
              "hash_extra": "",
              "hash_extra_paths": "[]",
              "paths": "{\"cwd\":\"/mnt/c/Users/Jamy/Desktop/git/terraform/translate\",\"module\":\".terraform/modules/lambda_StateMachineInvoker\",\"root\":\".\"}",
              "runtime": "python3.8",
              "source_path": "\"src/lambdas/StateMachineInvoker.py\""
            },
            "result": {
              "build_plan": "{\"filename\": \"builds/e63ab29f5f4ccf16eff1dad1d848538f640b9a69c8f585de179a062ed3cd1593.zip\", \"runtime\": \"python3.8\", \"artifacts_dir\": \"builds\", \"build_plan\": [[\"zip\", \"src/lambdas/StateMachineInvoker.py\", null]]}",
              "build_plan_filename": "builds/e63ab29f5f4ccf16eff1dad1d848538f640b9a69c8f585de179a062ed3cd1593.plan.json",
              "filename": "builds/e63ab29f5f4ccf16eff1dad1d848538f640b9a69c8f585de179a062ed3cd1593.zip",
              "timestamp": "1605452077128428000",
              "was_missing": "false"
            },
            "working_dir": "/mnt/c/Users/Jamy/Desktop/git/terraform/translate"
          }
        }
      ]
    },
    {
      "module": "module.lambda_StateMachineInvoker",
      "mode": "managed",
      "type": "aws_cloudwatch_log_group",
      "name": "lambda",
      "provider": "provider[\"registry.terraform.io/hashicorp/aws\"]",
      "instances": [
        {
          "index_key": 0,
          "schema_version": 0,
          "attributes": {
            "arn": "arn:aws:logs:eu-west-2:566355141541:log-group:/aws/lambda/StateMachineInvoker",
            "id": "/aws/lambda/StateMachineInvoker",
            "kms_key_id": "",
            "name": "/aws/lambda/StateMachineInvoker",
            "name_prefix": null,
            "retention_in_days": 0,
            "tags": {}
          },
          "private": "bnVsbA==",
          "dependencies": [
            "aws_iam_role.TranslationOrder_role",
            "aws_iam_role.TranslationStateMachine_role",
            "aws_sfn_state_machine.TranslationStateMachine",
            "module.lambda_Notification.aws_iam_role.lambda",
            "module.lambda_Notification.aws_lambda_function.this",
            "module.lambda_Notification.aws_s3_bucket_object.lambda_package",
            "module.lambda_Notification.data.aws_iam_policy_document.assume_role",
            "module.lambda_Notification.data.external.archive_prepare",
            "module.lambda_Notification.local_file.archive_plan",
            "module.lambda_Notification.null_resource.archive",
            "module.lambda_OrderState.aws_iam_role.lambda",
            "module.lambda_OrderState.aws_lambda_function.this",
            "module.lambda_OrderState.aws_s3_bucket_object.lambda_package",
            "module.lambda_OrderState.data.aws_iam_policy_document.assume_role",
            "module.lambda_OrderState.data.external.archive_prepare",
            "module.lambda_OrderState.local_file.archive_plan",
            "module.lambda_OrderState.null_resource.archive",
            "module.lambda_StatusState.aws_iam_role.lambda",
            "module.lambda_StatusState.aws_lambda_function.this",
            "module.lambda_StatusState.aws_s3_bucket_object.lambda_package",
            "module.lambda_StatusState.data.aws_iam_policy_document.assume_role",
            "module.lambda_StatusState.data.external.archive_prepare",
            "module.lambda_StatusState.local_file.archive_plan",
            "module.lambda_StatusState.null_resource.archive",
            "module.lambda_TranslationOrder.aws_iam_role.lambda",
            "module.lambda_TranslationOrder.aws_lambda_function.this",
            "module.lambda_TranslationOrder.aws_s3_bucket_object.lambda_package",
            "module.lambda_TranslationOrder.data.external.archive_prepare",
            "module.lambda_TranslationOrder.local_file.archive_plan",
            "module.lambda_TranslationOrder.null_resource.archive",
            "module.lambda_layer_jwt.aws_lambda_layer_version.this",
            "module.lambda_layer_jwt.aws_s3_bucket_object.lambda_package",
            "module.lambda_layer_jwt.data.external.archive_prepare",
            "module.lambda_layer_jwt.local_file.archive_plan",
            "module.lambda_layer_jwt.null_resource.archive",
            "module.lambda_layer_requests.aws_lambda_layer_version.this",
            "module.lambda_layer_requests.aws_s3_bucket_object.lambda_package",
            "module.lambda_layer_requests.data.external.archive_prepare",
            "module.lambda_layer_requests.local_file.archive_plan",
            "module.lambda_layer_requests.null_resource.archive",
            "module.lambda_layer_smart_open.aws_lambda_layer_version.this",
            "module.lambda_layer_smart_open.aws_s3_bucket_object.lambda_package",
            "module.lambda_layer_smart_open.data.external.archive_prepare",
            "module.lambda_layer_smart_open.local_file.archive_plan",
            "module.lambda_layer_smart_open.null_resource.archive"
          ]
        }
      ]
    },
    {
      "module": "module.lambda_StateMachineInvoker",
      "mode": "managed",
      "type": "aws_iam_policy",
      "name": "logs",
      "provider": "provider[\"registry.terraform.io/hashicorp/aws\"]",
      "instances": [
        {
          "index_key": 0,
          "schema_version": 0,
          "attributes": {
            "arn": "arn:aws:iam::566355141541:policy/StateMachineInvoker-logs",
            "description": "",
            "id": "arn:aws:iam::566355141541:policy/StateMachineInvoker-logs",
            "name": "StateMachineInvoker-logs",
            "name_prefix": null,
            "path": "/",
            "policy": "{\n  \"Version\": \"2012-10-17\",\n  \"Statement\": [\n    {\n      \"Sid\": \"\",\n      \"Effect\": \"Allow\",\n      \"Action\": [\n        \"logs:PutLogEvents\",\n        \"logs:CreateLogStream\"\n      ],\n      \"Resource\": [\n        \"arn:aws:logs:eu-west-2:566355141541:log-group:/aws/lambda/StateMachineInvoker:*:*\",\n        \"arn:aws:logs:eu-west-2:566355141541:log-group:/aws/lambda/StateMachineInvoker:*\"\n      ]\n    }\n  ]\n}"
          },
          "private": "bnVsbA==",
          "dependencies": [
            "aws_iam_role.TranslationOrder_role",
            "aws_iam_role.TranslationStateMachine_role",
            "aws_sfn_state_machine.TranslationStateMachine",
            "module.lambda_Notification.aws_iam_role.lambda",
            "module.lambda_Notification.aws_lambda_function.this",
            "module.lambda_Notification.aws_s3_bucket_object.lambda_package",
            "module.lambda_Notification.data.aws_iam_policy_document.assume_role",
            "module.lambda_Notification.data.external.archive_prepare",
            "module.lambda_Notification.local_file.archive_plan",
            "module.lambda_Notification.null_resource.archive",
            "module.lambda_OrderState.aws_iam_role.lambda",
            "module.lambda_OrderState.aws_lambda_function.this",
            "module.lambda_OrderState.aws_s3_bucket_object.lambda_package",
            "module.lambda_OrderState.data.aws_iam_policy_document.assume_role",
            "module.lambda_OrderState.data.external.archive_prepare",
            "module.lambda_OrderState.local_file.archive_plan",
            "module.lambda_OrderState.null_resource.archive",
            "module.lambda_StateMachineInvoker.aws_cloudwatch_log_group.lambda",
            "module.lambda_StateMachineInvoker.data.aws_arn.log_group_arn",
            "module.lambda_StateMachineInvoker.data.aws_cloudwatch_log_group.lambda",
            "module.lambda_StateMachineInvoker.data.aws_iam_policy_document.logs",
            "module.lambda_StatusState.aws_iam_role.lambda",
            "module.lambda_StatusState.aws_lambda_function.this",
            "module.lambda_StatusState.aws_s3_bucket_object.lambda_package",
            "module.lambda_StatusState.data.aws_iam_policy_document.assume_role",
            "module.lambda_StatusState.data.external.archive_prepare",
            "module.lambda_StatusState.local_file.archive_plan",
            "module.lambda_StatusState.null_resource.archive",
            "module.lambda_TranslationOrder.aws_iam_role.lambda",
            "module.lambda_TranslationOrder.aws_lambda_function.this",
            "module.lambda_TranslationOrder.aws_s3_bucket_object.lambda_package",
            "module.lambda_TranslationOrder.data.external.archive_prepare",
            "module.lambda_TranslationOrder.local_file.archive_plan",
            "module.lambda_TranslationOrder.null_resource.archive",
            "module.lambda_layer_jwt.aws_lambda_layer_version.this",
            "module.lambda_layer_jwt.aws_s3_bucket_object.lambda_package",
            "module.lambda_layer_jwt.data.external.archive_prepare",
            "module.lambda_layer_jwt.local_file.archive_plan",
            "module.lambda_layer_jwt.null_resource.archive",
            "module.lambda_layer_requests.aws_lambda_layer_version.this",
            "module.lambda_layer_requests.aws_s3_bucket_object.lambda_package",
            "module.lambda_layer_requests.data.external.archive_prepare",
            "module.lambda_layer_requests.local_file.archive_plan",
            "module.lambda_layer_requests.null_resource.archive",
            "module.lambda_layer_smart_open.aws_lambda_layer_version.this",
            "module.lambda_layer_smart_open.aws_s3_bucket_object.lambda_package",
            "module.lambda_layer_smart_open.data.external.archive_prepare",
            "module.lambda_layer_smart_open.local_file.archive_plan",
            "module.lambda_layer_smart_open.null_resource.archive"
          ]
        }
      ]
    },
    {
      "module": "module.lambda_StateMachineInvoker",
      "mode": "managed",
      "type": "aws_iam_policy_attachment",
      "name": "logs",
      "provider": "provider[\"registry.terraform.io/hashicorp/aws\"]",
      "instances": [
        {
          "index_key": 0,
          "schema_version": 0,
          "attributes": {
            "groups": [],
            "id": "StateMachineInvoker-logs",
            "name": "StateMachineInvoker-logs",
            "policy_arn": "arn:aws:iam::566355141541:policy/StateMachineInvoker-logs",
            "roles": [
              "StateMachineInvoker"
            ],
            "users": []
          },
          "private": "bnVsbA==",
          "dependencies": [
            "aws_iam_role.TranslationOrder_role",
            "aws_iam_role.TranslationStateMachine_role",
            "aws_sfn_state_machine.TranslationStateMachine",
            "module.lambda_Notification.aws_iam_role.lambda",
            "module.lambda_Notification.aws_lambda_function.this",
            "module.lambda_Notification.aws_s3_bucket_object.lambda_package",
            "module.lambda_Notification.data.aws_iam_policy_document.assume_role",
            "module.lambda_Notification.data.external.archive_prepare",
            "module.lambda_Notification.local_file.archive_plan",
            "module.lambda_Notification.null_resource.archive",
            "module.lambda_OrderState.aws_iam_role.lambda",
            "module.lambda_OrderState.aws_lambda_function.this",
            "module.lambda_OrderState.aws_s3_bucket_object.lambda_package",
            "module.lambda_OrderState.data.aws_iam_policy_document.assume_role",
            "module.lambda_OrderState.data.external.archive_prepare",
            "module.lambda_OrderState.local_file.archive_plan",
            "module.lambda_OrderState.null_resource.archive",
            "module.lambda_StateMachineInvoker.aws_cloudwatch_log_group.lambda",
            "module.lambda_StateMachineInvoker.aws_iam_policy.logs",
            "module.lambda_StateMachineInvoker.aws_iam_role.lambda",
            "module.lambda_StateMachineInvoker.data.aws_arn.log_group_arn",
            "module.lambda_StateMachineInvoker.data.aws_cloudwatch_log_group.lambda",
            "module.lambda_StateMachineInvoker.data.aws_iam_policy_document.assume_role",
            "module.lambda_StateMachineInvoker.data.aws_iam_policy_document.logs",
            "module.lambda_StatusState.aws_iam_role.lambda",
            "module.lambda_StatusState.aws_lambda_function.this",
            "module.lambda_StatusState.aws_s3_bucket_object.lambda_package",
            "module.lambda_StatusState.data.aws_iam_policy_document.assume_role",
            "module.lambda_StatusState.data.external.archive_prepare",
            "module.lambda_StatusState.local_file.archive_plan",
            "module.lambda_StatusState.null_resource.archive",
            "module.lambda_TranslationOrder.aws_iam_role.lambda",
            "module.lambda_TranslationOrder.aws_lambda_function.this",
            "module.lambda_TranslationOrder.aws_s3_bucket_object.lambda_package",
            "module.lambda_TranslationOrder.data.external.archive_prepare",
            "module.lambda_TranslationOrder.local_file.archive_plan",
            "module.lambda_TranslationOrder.null_resource.archive",
            "module.lambda_layer_jwt.aws_lambda_layer_version.this",
            "module.lambda_layer_jwt.aws_s3_bucket_object.lambda_package",
            "module.lambda_layer_jwt.data.external.archive_prepare",
            "module.lambda_layer_jwt.local_file.archive_plan",
            "module.lambda_layer_jwt.null_resource.archive",
            "module.lambda_layer_requests.aws_lambda_layer_version.this",
            "module.lambda_layer_requests.aws_s3_bucket_object.lambda_package",
            "module.lambda_layer_requests.data.external.archive_prepare",
            "module.lambda_layer_requests.local_file.archive_plan",
            "module.lambda_layer_requests.null_resource.archive",
            "module.lambda_layer_smart_open.aws_lambda_layer_version.this",
            "module.lambda_layer_smart_open.aws_s3_bucket_object.lambda_package",
            "module.lambda_layer_smart_open.data.external.archive_prepare",
            "module.lambda_layer_smart_open.local_file.archive_plan",
            "module.lambda_layer_smart_open.null_resource.archive"
          ]
        }
      ]
    },
    {
      "module": "module.lambda_StateMachineInvoker",
      "mode": "managed",
      "type": "aws_iam_role",
      "name": "lambda",
      "provider": "provider[\"registry.terraform.io/hashicorp/aws\"]",
      "instances": [
        {
          "index_key": 0,
          "schema_version": 0,
          "attributes": {
            "arn": "arn:aws:iam::566355141541:role/StateMachineInvoker",
            "assume_role_policy": "{\"Version\":\"2012-10-17\",\"Statement\":[{\"Sid\":\"\",\"Effect\":\"Allow\",\"Principal\":{\"Service\":\"lambda.amazonaws.com\"},\"Action\":\"sts:AssumeRole\"}]}",
            "create_date": "2020-11-15T15:56:53Z",
            "description": "",
            "force_detach_policies": true,
            "id": "StateMachineInvoker",
            "max_session_duration": 3600,
            "name": "StateMachineInvoker",
            "name_prefix": null,
            "path": "/",
            "permissions_boundary": null,
            "tags": {},
            "unique_id": "AROAYHXLFUOS5PP5A26T3"
          },
          "private": "bnVsbA==",
          "dependencies": [
            "aws_iam_role.TranslationOrder_role",
            "aws_iam_role.TranslationStateMachine_role",
            "aws_sfn_state_machine.TranslationStateMachine",
            "module.lambda_Notification.aws_iam_role.lambda",
            "module.lambda_Notification.aws_lambda_function.this",
            "module.lambda_Notification.aws_s3_bucket_object.lambda_package",
            "module.lambda_Notification.data.aws_iam_policy_document.assume_role",
            "module.lambda_Notification.data.external.archive_prepare",
            "module.lambda_Notification.local_file.archive_plan",
            "module.lambda_Notification.null_resource.archive",
            "module.lambda_OrderState.aws_iam_role.lambda",
            "module.lambda_OrderState.aws_lambda_function.this",
            "module.lambda_OrderState.aws_s3_bucket_object.lambda_package",
            "module.lambda_OrderState.data.aws_iam_policy_document.assume_role",
            "module.lambda_OrderState.data.external.archive_prepare",
            "module.lambda_OrderState.local_file.archive_plan",
            "module.lambda_OrderState.null_resource.archive",
            "module.lambda_StateMachineInvoker.data.aws_iam_policy_document.assume_role",
            "module.lambda_StatusState.aws_iam_role.lambda",
            "module.lambda_StatusState.aws_lambda_function.this",
            "module.lambda_StatusState.aws_s3_bucket_object.lambda_package",
            "module.lambda_StatusState.data.aws_iam_policy_document.assume_role",
            "module.lambda_StatusState.data.external.archive_prepare",
            "module.lambda_StatusState.local_file.archive_plan",
            "module.lambda_StatusState.null_resource.archive",
            "module.lambda_TranslationOrder.aws_iam_role.lambda",
            "module.lambda_TranslationOrder.aws_lambda_function.this",
            "module.lambda_TranslationOrder.aws_s3_bucket_object.lambda_package",
            "module.lambda_TranslationOrder.data.external.archive_prepare",
            "module.lambda_TranslationOrder.local_file.archive_plan",
            "module.lambda_TranslationOrder.null_resource.archive",
            "module.lambda_layer_jwt.aws_lambda_layer_version.this",
            "module.lambda_layer_jwt.aws_s3_bucket_object.lambda_package",
            "module.lambda_layer_jwt.data.external.archive_prepare",
            "module.lambda_layer_jwt.local_file.archive_plan",
            "module.lambda_layer_jwt.null_resource.archive",
            "module.lambda_layer_requests.aws_lambda_layer_version.this",
            "module.lambda_layer_requests.aws_s3_bucket_object.lambda_package",
            "module.lambda_layer_requests.data.external.archive_prepare",
            "module.lambda_layer_requests.local_file.archive_plan",
            "module.lambda_layer_requests.null_resource.archive",
            "module.lambda_layer_smart_open.aws_lambda_layer_version.this",
            "module.lambda_layer_smart_open.aws_s3_bucket_object.lambda_package",
            "module.lambda_layer_smart_open.data.external.archive_prepare",
            "module.lambda_layer_smart_open.local_file.archive_plan",
            "module.lambda_layer_smart_open.null_resource.archive"
          ]
        }
      ]
    },
    {
      "module": "module.lambda_StateMachineInvoker",
      "mode": "managed",
      "type": "aws_lambda_function",
      "name": "this",
      "provider": "provider[\"registry.terraform.io/hashicorp/aws\"]",
      "instances": [
        {
          "index_key": 0,
          "schema_version": 0,
          "attributes": {
            "arn": "arn:aws:lambda:eu-west-2:566355141541:function:StateMachineInvoker",
            "dead_letter_config": [],
            "description": "Forwards Events in Dynamo to Steps-Function",
            "environment": [
              {
                "variables": {
                  "StepARN": "arn:aws:states:eu-west-2:566355141541:stateMachine:Document-Translation"
                }
              }
            ],
            "file_system_config": [],
            "filename": "builds/e63ab29f5f4ccf16eff1dad1d848538f640b9a69c8f585de179a062ed3cd1593.zip",
            "function_name": "StateMachineInvoker",
            "handler": "StateMachineInvoker.lambda_handler",
            "id": "StateMachineInvoker",
            "invoke_arn": "arn:aws:apigateway:eu-west-2:lambda:path/2015-03-31/functions/arn:aws:lambda:eu-west-2:566355141541:function:StateMachineInvoker/invocations",
            "kms_key_arn": "",
            "last_modified": "2020-11-15T15:57:11.865+0000",
            "layers": [],
            "memory_size": 128,
            "publish": true,
            "qualified_arn": "arn:aws:lambda:eu-west-2:566355141541:function:StateMachineInvoker:3",
            "reserved_concurrent_executions": -1,
            "role": "arn:aws:iam::566355141541:role/StateMachineInvoker",
            "runtime": "python3.8",
            "s3_bucket": null,
            "s3_key": null,
            "s3_object_version": null,
            "source_code_hash": "Ad4srxtZxSsqVYy8ZFUM0J+xGDhdPUS2M9m3pQBnkEk=",
            "source_code_size": 695,
            "tags": {},
            "timeout": 60,
            "timeouts": null,
            "tracing_config": [
              {
                "mode": "PassThrough"
              }
            ],
            "version": "3",
            "vpc_config": []
          },
          "private": "eyJlMmJmYjczMC1lY2FhLTExZTYtOGY4OC0zNDM2M2JjN2M0YzAiOnsiY3JlYXRlIjo2MDAwMDAwMDAwMDB9fQ==",
          "dependencies": [
            "aws_iam_role.TranslationOrder_role",
            "aws_iam_role.TranslationStateMachine_role",
            "aws_sfn_state_machine.TranslationStateMachine",
            "module.lambda_Notification.aws_iam_role.lambda",
            "module.lambda_Notification.aws_lambda_function.this",
            "module.lambda_Notification.aws_s3_bucket_object.lambda_package",
            "module.lambda_Notification.data.aws_iam_policy_document.assume_role",
            "module.lambda_Notification.data.external.archive_prepare",
            "module.lambda_Notification.local_file.archive_plan",
            "module.lambda_Notification.null_resource.archive",
            "module.lambda_OrderState.aws_iam_role.lambda",
            "module.lambda_OrderState.aws_lambda_function.this",
            "module.lambda_OrderState.aws_s3_bucket_object.lambda_package",
            "module.lambda_OrderState.data.aws_iam_policy_document.assume_role",
            "module.lambda_OrderState.data.external.archive_prepare",
            "module.lambda_OrderState.local_file.archive_plan",
            "module.lambda_OrderState.null_resource.archive",
            "module.lambda_StateMachineInvoker.aws_iam_role.lambda",
            "module.lambda_StateMachineInvoker.aws_s3_bucket_object.lambda_package",
            "module.lambda_StateMachineInvoker.data.aws_iam_policy_document.assume_role",
            "module.lambda_StateMachineInvoker.data.external.archive_prepare",
            "module.lambda_StateMachineInvoker.local_file.archive_plan",
            "module.lambda_StateMachineInvoker.null_resource.archive",
            "module.lambda_StatusState.aws_iam_role.lambda",
            "module.lambda_StatusState.aws_lambda_function.this",
            "module.lambda_StatusState.aws_s3_bucket_object.lambda_package",
            "module.lambda_StatusState.data.aws_iam_policy_document.assume_role",
            "module.lambda_StatusState.data.external.archive_prepare",
            "module.lambda_StatusState.local_file.archive_plan",
            "module.lambda_StatusState.null_resource.archive",
            "module.lambda_TranslationOrder.aws_iam_role.lambda",
            "module.lambda_TranslationOrder.aws_lambda_function.this",
            "module.lambda_TranslationOrder.aws_s3_bucket_object.lambda_package",
            "module.lambda_TranslationOrder.data.external.archive_prepare",
            "module.lambda_TranslationOrder.local_file.archive_plan",
            "module.lambda_TranslationOrder.null_resource.archive",
            "module.lambda_layer_jwt.aws_lambda_layer_version.this",
            "module.lambda_layer_jwt.aws_s3_bucket_object.lambda_package",
            "module.lambda_layer_jwt.data.external.archive_prepare",
            "module.lambda_layer_jwt.local_file.archive_plan",
            "module.lambda_layer_jwt.null_resource.archive",
            "module.lambda_layer_requests.aws_lambda_layer_version.this",
            "module.lambda_layer_requests.aws_s3_bucket_object.lambda_package",
            "module.lambda_layer_requests.data.external.archive_prepare",
            "module.lambda_layer_requests.local_file.archive_plan",
            "module.lambda_layer_requests.null_resource.archive",
            "module.lambda_layer_smart_open.aws_lambda_layer_version.this",
            "module.lambda_layer_smart_open.aws_s3_bucket_object.lambda_package",
            "module.lambda_layer_smart_open.data.external.archive_prepare",
            "module.lambda_layer_smart_open.local_file.archive_plan",
            "module.lambda_layer_smart_open.null_resource.archive"
          ]
        }
      ]
    },
    {
      "module": "module.lambda_StateMachineInvoker",
      "mode": "managed",
      "type": "local_file",
      "name": "archive_plan",
      "provider": "provider[\"registry.terraform.io/hashicorp/local\"]",
      "instances": [
        {
          "index_key": 0,
          "schema_version": 0,
          "attributes": {
            "content": "{\"filename\": \"builds/e63ab29f5f4ccf16eff1dad1d848538f640b9a69c8f585de179a062ed3cd1593.zip\", \"runtime\": \"python3.8\", \"artifacts_dir\": \"builds\", \"build_plan\": [[\"zip\", \"src/lambdas/StateMachineInvoker.py\", null]]}",
            "content_base64": null,
            "directory_permission": "0755",
            "file_permission": "0644",
            "filename": "builds/e63ab29f5f4ccf16eff1dad1d848538f640b9a69c8f585de179a062ed3cd1593.plan.json",
            "id": "44d5a4ba84819b9f969dbc612a0fe4dba75eea31",
            "sensitive_content": null
          },
          "private": "bnVsbA==",
          "dependencies": [
            "aws_iam_role.TranslationOrder_role",
            "aws_iam_role.TranslationStateMachine_role",
            "aws_sfn_state_machine.TranslationStateMachine",
            "module.lambda_Notification.aws_iam_role.lambda",
            "module.lambda_Notification.aws_lambda_function.this",
            "module.lambda_Notification.aws_s3_bucket_object.lambda_package",
            "module.lambda_Notification.data.aws_iam_policy_document.assume_role",
            "module.lambda_Notification.data.external.archive_prepare",
            "module.lambda_Notification.local_file.archive_plan",
            "module.lambda_Notification.null_resource.archive",
            "module.lambda_OrderState.aws_iam_role.lambda",
            "module.lambda_OrderState.aws_lambda_function.this",
            "module.lambda_OrderState.aws_s3_bucket_object.lambda_package",
            "module.lambda_OrderState.data.aws_iam_policy_document.assume_role",
            "module.lambda_OrderState.data.external.archive_prepare",
            "module.lambda_OrderState.local_file.archive_plan",
            "module.lambda_OrderState.null_resource.archive",
            "module.lambda_StateMachineInvoker.data.external.archive_prepare",
            "module.lambda_StatusState.aws_iam_role.lambda",
            "module.lambda_StatusState.aws_lambda_function.this",
            "module.lambda_StatusState.aws_s3_bucket_object.lambda_package",
            "module.lambda_StatusState.data.aws_iam_policy_document.assume_role",
            "module.lambda_StatusState.data.external.archive_prepare",
            "module.lambda_StatusState.local_file.archive_plan",
            "module.lambda_StatusState.null_resource.archive",
            "module.lambda_TranslationOrder.aws_iam_role.lambda",
            "module.lambda_TranslationOrder.aws_lambda_function.this",
            "module.lambda_TranslationOrder.aws_s3_bucket_object.lambda_package",
            "module.lambda_TranslationOrder.data.external.archive_prepare",
            "module.lambda_TranslationOrder.local_file.archive_plan",
            "module.lambda_TranslationOrder.null_resource.archive",
            "module.lambda_layer_jwt.aws_lambda_layer_version.this",
            "module.lambda_layer_jwt.aws_s3_bucket_object.lambda_package",
            "module.lambda_layer_jwt.data.external.archive_prepare",
            "module.lambda_layer_jwt.local_file.archive_plan",
            "module.lambda_layer_jwt.null_resource.archive",
            "module.lambda_layer_requests.aws_lambda_layer_version.this",
            "module.lambda_layer_requests.aws_s3_bucket_object.lambda_package",
            "module.lambda_layer_requests.data.external.archive_prepare",
            "module.lambda_layer_requests.local_file.archive_plan",
            "module.lambda_layer_requests.null_resource.archive",
            "module.lambda_layer_smart_open.aws_lambda_layer_version.this",
            "module.lambda_layer_smart_open.aws_s3_bucket_object.lambda_package",
            "module.lambda_layer_smart_open.data.external.archive_prepare",
            "module.lambda_layer_smart_open.local_file.archive_plan",
            "module.lambda_layer_smart_open.null_resource.archive"
          ]
        }
      ]
    },
    {
      "module": "module.lambda_StateMachineInvoker",
      "mode": "managed",
      "type": "null_resource",
      "name": "archive",
      "provider": "provider[\"registry.terraform.io/hashicorp/null\"]",
      "instances": [
        {
          "index_key": 0,
          "schema_version": 0,
          "attributes": {
            "id": "975795851256053637",
            "triggers": {
              "filename": "builds/e63ab29f5f4ccf16eff1dad1d848538f640b9a69c8f585de179a062ed3cd1593.zip",
              "timestamp": "1605452077128428000"
            }
          },
          "dependencies": [
            "aws_iam_role.TranslationOrder_role",
            "aws_iam_role.TranslationStateMachine_role",
            "aws_sfn_state_machine.TranslationStateMachine",
            "module.lambda_Notification.aws_iam_role.lambda",
            "module.lambda_Notification.aws_lambda_function.this",
            "module.lambda_Notification.aws_s3_bucket_object.lambda_package",
            "module.lambda_Notification.data.aws_iam_policy_document.assume_role",
            "module.lambda_Notification.data.external.archive_prepare",
            "module.lambda_Notification.local_file.archive_plan",
            "module.lambda_Notification.null_resource.archive",
            "module.lambda_OrderState.aws_iam_role.lambda",
            "module.lambda_OrderState.aws_lambda_function.this",
            "module.lambda_OrderState.aws_s3_bucket_object.lambda_package",
            "module.lambda_OrderState.data.aws_iam_policy_document.assume_role",
            "module.lambda_OrderState.data.external.archive_prepare",
            "module.lambda_OrderState.local_file.archive_plan",
            "module.lambda_OrderState.null_resource.archive",
            "module.lambda_StateMachineInvoker.data.external.archive_prepare",
            "module.lambda_StateMachineInvoker.local_file.archive_plan",
            "module.lambda_StatusState.aws_iam_role.lambda",
            "module.lambda_StatusState.aws_lambda_function.this",
            "module.lambda_StatusState.aws_s3_bucket_object.lambda_package",
            "module.lambda_StatusState.data.aws_iam_policy_document.assume_role",
            "module.lambda_StatusState.data.external.archive_prepare",
            "module.lambda_StatusState.local_file.archive_plan",
            "module.lambda_StatusState.null_resource.archive",
            "module.lambda_TranslationOrder.aws_iam_role.lambda",
            "module.lambda_TranslationOrder.aws_lambda_function.this",
            "module.lambda_TranslationOrder.aws_s3_bucket_object.lambda_package",
            "module.lambda_TranslationOrder.data.external.archive_prepare",
            "module.lambda_TranslationOrder.local_file.archive_plan",
            "module.lambda_TranslationOrder.null_resource.archive",
            "module.lambda_layer_jwt.aws_lambda_layer_version.this",
            "module.lambda_layer_jwt.aws_s3_bucket_object.lambda_package",
            "module.lambda_layer_jwt.data.external.archive_prepare",
            "module.lambda_layer_jwt.local_file.archive_plan",
            "module.lambda_layer_jwt.null_resource.archive",
            "module.lambda_layer_requests.aws_lambda_layer_version.this",
            "module.lambda_layer_requests.aws_s3_bucket_object.lambda_package",
            "module.lambda_layer_requests.data.external.archive_prepare",
            "module.lambda_layer_requests.local_file.archive_plan",
            "module.lambda_layer_requests.null_resource.archive",
            "module.lambda_layer_smart_open.aws_lambda_layer_version.this",
            "module.lambda_layer_smart_open.aws_s3_bucket_object.lambda_package",
            "module.lambda_layer_smart_open.data.external.archive_prepare",
            "module.lambda_layer_smart_open.local_file.archive_plan",
            "module.lambda_layer_smart_open.null_resource.archive"
          ]
        }
      ]
    },
    {
      "module": "module.lambda_StatusState",
      "mode": "data",
      "type": "aws_iam_policy_document",
      "name": "assume_role",
      "provider": "provider[\"registry.terraform.io/hashicorp/aws\"]",
      "instances": [
        {
          "index_key": 0,
          "schema_version": 0,
          "attributes": {
            "id": "3693445097",
            "json": "{\n  \"Version\": \"2012-10-17\",\n  \"Statement\": [\n    {\n      \"Sid\": \"\",\n      \"Effect\": \"Allow\",\n      \"Action\": \"sts:AssumeRole\",\n      \"Principal\": {\n        \"Service\": \"lambda.amazonaws.com\"\n      }\n    }\n  ]\n}",
            "override_json": null,
            "policy_id": null,
            "source_json": null,
            "statement": [
              {
                "actions": [
                  "sts:AssumeRole"
                ],
                "condition": [],
                "effect": "Allow",
                "not_actions": [],
                "not_principals": [],
                "not_resources": [],
                "principals": [
                  {
                    "identifiers": [
                      "lambda.amazonaws.com"
                    ],
                    "type": "Service"
                  }
                ],
                "resources": [],
                "sid": ""
              }
            ],
            "version": "2012-10-17"
          }
        }
      ]
    },
    {
      "module": "module.lambda_StatusState",
      "mode": "data",
      "type": "aws_iam_policy_document",
      "name": "logs",
      "provider": "provider[\"registry.terraform.io/hashicorp/aws\"]",
      "instances": [
        {
          "index_key": 0,
          "schema_version": 0,
          "attributes": {
            "id": "3830372527",
            "json": "{\n  \"Version\": \"2012-10-17\",\n  \"Statement\": [\n    {\n      \"Sid\": \"\",\n      \"Effect\": \"Allow\",\n      \"Action\": [\n        \"logs:PutLogEvents\",\n        \"logs:CreateLogStream\"\n      ],\n      \"Resource\": [\n        \"arn:aws:logs:eu-west-2:566355141541:log-group:/aws/lambda/CheckStatus:*:*\",\n        \"arn:aws:logs:eu-west-2:566355141541:log-group:/aws/lambda/CheckStatus:*\"\n      ]\n    }\n  ]\n}",
            "override_json": null,
            "policy_id": null,
            "source_json": null,
            "statement": [
              {
                "actions": [
                  "logs:CreateLogStream",
                  "logs:PutLogEvents"
                ],
                "condition": [],
                "effect": "Allow",
                "not_actions": [],
                "not_principals": [],
                "not_resources": [],
                "principals": [],
                "resources": [
                  "arn:aws:logs:eu-west-2:566355141541:log-group:/aws/lambda/CheckStatus:*",
                  "arn:aws:logs:eu-west-2:566355141541:log-group:/aws/lambda/CheckStatus:*:*"
                ],
                "sid": ""
              }
            ],
            "version": "2012-10-17"
          }
        }
      ]
    },
    {
      "module": "module.lambda_StatusState",
      "mode": "data",
      "type": "external",
      "name": "archive_prepare",
      "provider": "provider[\"registry.terraform.io/hashicorp/external\"]",
      "instances": [
        {
          "index_key": 0,
          "schema_version": 0,
          "attributes": {
            "id": "-",
            "program": [
              "python3",
              ".terraform/modules/lambda_StatusState/package.py",
              "prepare"
            ],
            "query": {
              "artifacts_dir": "builds",
              "hash_extra": "",
              "hash_extra_paths": "[]",
              "paths": "{\"cwd\":\"/mnt/c/Users/Jamy/Desktop/git/terraform/translate\",\"module\":\".terraform/modules/lambda_StatusState\",\"root\":\".\"}",
              "runtime": "python3.8",
              "source_path": "\"src/lambdas/CheckStatus.py\""
            },
            "result": {
              "build_plan": "{\"filename\": \"builds/d956731c54c9f17ae61b5945aed7c1c5ff55aa4e40379bea1672c2f6fab78b0c.zip\", \"runtime\": \"python3.8\", \"artifacts_dir\": \"builds\", \"build_plan\": [[\"zip\", \"src/lambdas/CheckStatus.py\", null]]}",
              "build_plan_filename": "builds/d956731c54c9f17ae61b5945aed7c1c5ff55aa4e40379bea1672c2f6fab78b0c.plan.json",
              "filename": "builds/d956731c54c9f17ae61b5945aed7c1c5ff55aa4e40379bea1672c2f6fab78b0c.zip",
              "timestamp": "1605450670176778000",
              "was_missing": "false"
            },
            "working_dir": "/mnt/c/Users/Jamy/Desktop/git/terraform/translate"
          }
        }
      ]
    },
    {
      "module": "module.lambda_StatusState",
      "mode": "managed",
      "type": "aws_cloudwatch_log_group",
      "name": "lambda",
      "provider": "provider[\"registry.terraform.io/hashicorp/aws\"]",
      "instances": [
        {
          "index_key": 0,
          "schema_version": 0,
          "attributes": {
            "arn": "arn:aws:logs:eu-west-2:566355141541:log-group:/aws/lambda/CheckStatus",
            "id": "/aws/lambda/CheckStatus",
            "kms_key_id": "",
            "name": "/aws/lambda/CheckStatus",
            "name_prefix": null,
            "retention_in_days": 0,
            "tags": {}
          },
          "private": "bnVsbA=="
        }
      ]
    },
    {
      "module": "module.lambda_StatusState",
      "mode": "managed",
      "type": "aws_iam_policy",
      "name": "logs",
      "provider": "provider[\"registry.terraform.io/hashicorp/aws\"]",
      "instances": [
        {
          "index_key": 0,
          "schema_version": 0,
          "attributes": {
            "arn": "arn:aws:iam::566355141541:policy/CheckStatus-logs",
            "description": "",
            "id": "arn:aws:iam::566355141541:policy/CheckStatus-logs",
            "name": "CheckStatus-logs",
            "name_prefix": null,
            "path": "/",
            "policy": "{\n  \"Version\": \"2012-10-17\",\n  \"Statement\": [\n    {\n      \"Sid\": \"\",\n      \"Effect\": \"Allow\",\n      \"Action\": [\n        \"logs:PutLogEvents\",\n        \"logs:CreateLogStream\"\n      ],\n      \"Resource\": [\n        \"arn:aws:logs:eu-west-2:566355141541:log-group:/aws/lambda/CheckStatus:*:*\",\n        \"arn:aws:logs:eu-west-2:566355141541:log-group:/aws/lambda/CheckStatus:*\"\n      ]\n    }\n  ]\n}"
          },
          "private": "bnVsbA==",
          "dependencies": [
            "module.lambda_StatusState.aws_cloudwatch_log_group.lambda",
            "module.lambda_StatusState.data.aws_arn.log_group_arn",
            "module.lambda_StatusState.data.aws_cloudwatch_log_group.lambda",
            "module.lambda_StatusState.data.aws_iam_policy_document.logs"
          ]
        }
      ]
    },
    {
      "module": "module.lambda_StatusState",
      "mode": "managed",
      "type": "aws_iam_policy_attachment",
      "name": "logs",
      "provider": "provider[\"registry.terraform.io/hashicorp/aws\"]",
      "instances": [
        {
          "index_key": 0,
          "schema_version": 0,
          "attributes": {
            "groups": [],
            "id": "CheckStatus-logs",
            "name": "CheckStatus-logs",
            "policy_arn": "arn:aws:iam::566355141541:policy/CheckStatus-logs",
            "roles": [
              "CheckStatus"
            ],
            "users": []
          },
          "private": "bnVsbA==",
          "dependencies": [
            "module.lambda_StatusState.aws_cloudwatch_log_group.lambda",
            "module.lambda_StatusState.aws_iam_policy.logs",
            "module.lambda_StatusState.aws_iam_role.lambda",
            "module.lambda_StatusState.data.aws_arn.log_group_arn",
            "module.lambda_StatusState.data.aws_cloudwatch_log_group.lambda",
            "module.lambda_StatusState.data.aws_iam_policy_document.assume_role",
            "module.lambda_StatusState.data.aws_iam_policy_document.logs"
          ]
        }
      ]
    },
    {
      "module": "module.lambda_StatusState",
      "mode": "managed",
      "type": "aws_iam_role",
      "name": "lambda",
      "provider": "provider[\"registry.terraform.io/hashicorp/aws\"]",
      "instances": [
        {
          "index_key": 0,
          "schema_version": 0,
          "attributes": {
            "arn": "arn:aws:iam::566355141541:role/CheckStatus",
            "assume_role_policy": "{\"Version\":\"2012-10-17\",\"Statement\":[{\"Sid\":\"\",\"Effect\":\"Allow\",\"Principal\":{\"Service\":\"lambda.amazonaws.com\"},\"Action\":\"sts:AssumeRole\"}]}",
            "create_date": "2020-11-15T15:56:00Z",
            "description": "",
            "force_detach_policies": true,
            "id": "CheckStatus",
            "max_session_duration": 3600,
            "name": "CheckStatus",
            "name_prefix": null,
            "path": "/",
            "permissions_boundary": null,
            "tags": {},
            "unique_id": "AROAYHXLFUOSSGUW5KDCS"
          },
          "private": "bnVsbA==",
          "dependencies": [
            "module.lambda_StatusState.data.aws_iam_policy_document.assume_role"
          ]
        }
      ]
    },
    {
      "module": "module.lambda_StatusState",
      "mode": "managed",
      "type": "aws_lambda_function",
      "name": "this",
      "provider": "provider[\"registry.terraform.io/hashicorp/aws\"]",
      "instances": [
        {
          "index_key": 0,
          "schema_version": 0,
          "attributes": {
            "arn": "arn:aws:lambda:eu-west-2:566355141541:function:CheckStatus",
            "dead_letter_config": [],
            "description": "Check if order is finished. Download translated file.",
            "environment": [
              {
                "variables": {
                  "t24api": "https://api-test.24t.net/"
                }
              }
            ],
            "file_system_config": [],
            "filename": "builds/d956731c54c9f17ae61b5945aed7c1c5ff55aa4e40379bea1672c2f6fab78b0c.zip",
            "function_name": "CheckStatus",
            "handler": "CheckStatus.lambda_handler",
            "id": "CheckStatus",
            "invoke_arn": "arn:aws:apigateway:eu-west-2:lambda:path/2015-03-31/functions/arn:aws:lambda:eu-west-2:566355141541:function:CheckStatus/invocations",
            "kms_key_arn": "",
            "last_modified": "2020-11-15T15:56:24.078+0000",
            "layers": [
              "arn:aws:lambda:eu-west-2:566355141541:layer:requests-lib:3",
              "arn:aws:lambda:eu-west-2:566355141541:layer:jwt-lib:3"
            ],
            "memory_size": 128,
            "publish": true,
            "qualified_arn": "arn:aws:lambda:eu-west-2:566355141541:function:CheckStatus:3",
            "reserved_concurrent_executions": -1,
            "role": "arn:aws:iam::566355141541:role/CheckStatus",
            "runtime": "python3.8",
            "s3_bucket": null,
            "s3_key": null,
            "s3_object_version": null,
            "source_code_hash": "DvNNiIdvdCvvOocDbVH245pygcks2zBWyEIffDBDT70=",
            "source_code_size": 1644,
            "tags": {},
            "timeout": 60,
            "timeouts": null,
            "tracing_config": [
              {
                "mode": "PassThrough"
              }
            ],
            "version": "3",
            "vpc_config": []
          },
          "private": "eyJlMmJmYjczMC1lY2FhLTExZTYtOGY4OC0zNDM2M2JjN2M0YzAiOnsiY3JlYXRlIjo2MDAwMDAwMDAwMDB9fQ==",
          "dependencies": [
            "module.lambda_StatusState.aws_iam_role.lambda",
            "module.lambda_StatusState.aws_s3_bucket_object.lambda_package",
            "module.lambda_StatusState.data.aws_iam_policy_document.assume_role",
            "module.lambda_StatusState.data.external.archive_prepare",
            "module.lambda_StatusState.local_file.archive_plan",
            "module.lambda_StatusState.null_resource.archive",
            "module.lambda_layer_jwt.aws_lambda_layer_version.this",
            "module.lambda_layer_jwt.aws_s3_bucket_object.lambda_package",
            "module.lambda_layer_jwt.data.external.archive_prepare",
            "module.lambda_layer_jwt.local_file.archive_plan",
            "module.lambda_layer_jwt.null_resource.archive",
            "module.lambda_layer_requests.aws_lambda_layer_version.this",
            "module.lambda_layer_requests.aws_s3_bucket_object.lambda_package",
            "module.lambda_layer_requests.data.external.archive_prepare",
            "module.lambda_layer_requests.local_file.archive_plan",
            "module.lambda_layer_requests.null_resource.archive"
          ]
        }
      ]
    },
    {
      "module": "module.lambda_StatusState",
      "mode": "managed",
      "type": "local_file",
      "name": "archive_plan",
      "provider": "provider[\"registry.terraform.io/hashicorp/local\"]",
      "instances": [
        {
          "index_key": 0,
          "schema_version": 0,
          "attributes": {
            "content": "{\"filename\": \"builds/d956731c54c9f17ae61b5945aed7c1c5ff55aa4e40379bea1672c2f6fab78b0c.zip\", \"runtime\": \"python3.8\", \"artifacts_dir\": \"builds\", \"build_plan\": [[\"zip\", \"src/lambdas/CheckStatus.py\", null]]}",
            "content_base64": null,
            "directory_permission": "0755",
            "file_permission": "0644",
            "filename": "builds/d956731c54c9f17ae61b5945aed7c1c5ff55aa4e40379bea1672c2f6fab78b0c.plan.json",
            "id": "67289dbd2b5ceb109646b1c9a29fbcad4a72106d",
            "sensitive_content": null
          },
          "private": "bnVsbA==",
          "dependencies": [
            "module.lambda_StatusState.data.external.archive_prepare"
          ]
        }
      ]
    },
    {
      "module": "module.lambda_StatusState",
      "mode": "managed",
      "type": "null_resource",
      "name": "archive",
      "provider": "provider[\"registry.terraform.io/hashicorp/null\"]",
      "instances": [
        {
          "index_key": 0,
          "schema_version": 0,
          "attributes": {
            "id": "7980045234169509639",
            "triggers": {
              "filename": "builds/d956731c54c9f17ae61b5945aed7c1c5ff55aa4e40379bea1672c2f6fab78b0c.zip",
              "timestamp": "1605450670176778000"
            }
          },
          "dependencies": [
            "module.lambda_StatusState.data.external.archive_prepare",
            "module.lambda_StatusState.local_file.archive_plan"
          ]
        }
      ]
    },
    {
      "module": "module.lambda_TranslationOrder",
      "mode": "data",
      "type": "external",
      "name": "archive_prepare",
      "provider": "provider[\"registry.terraform.io/hashicorp/external\"]",
      "instances": [
        {
          "index_key": 0,
          "schema_version": 0,
          "attributes": {
            "id": "-",
            "program": [
              "python3",
              ".terraform/modules/lambda_TranslationOrder/package.py",
              "prepare"
            ],
            "query": {
              "artifacts_dir": "builds",
              "hash_extra": "",
              "hash_extra_paths": "[]",
              "paths": "{\"cwd\":\"/mnt/c/Users/Jamy/Desktop/git/terraform/translate\",\"module\":\".terraform/modules/lambda_TranslationOrder\",\"root\":\".\"}",
              "runtime": "python3.8",
              "source_path": "\"src/lambdas/TranslationOrder.py\""
            },
            "result": {
              "build_plan": "{\"filename\": \"builds/909eb5397e908e79fdaa27ae58836fa74a7166429d66afb17af275c48ac866c5.zip\", \"runtime\": \"python3.8\", \"artifacts_dir\": \"builds\", \"build_plan\": [[\"zip\", \"src/lambdas/TranslationOrder.py\", null]]}",
              "build_plan_filename": "builds/909eb5397e908e79fdaa27ae58836fa74a7166429d66afb17af275c48ac866c5.plan.json",
              "filename": "builds/909eb5397e908e79fdaa27ae58836fa74a7166429d66afb17af275c48ac866c5.zip",
              "timestamp": "1605454039944441000",
              "was_missing": "false"
            },
            "working_dir": "/mnt/c/Users/Jamy/Desktop/git/terraform/translate"
          }
        }
      ]
    },
    {
      "module": "module.lambda_TranslationOrder",
      "mode": "managed",
      "type": "aws_cloudwatch_log_group",
      "name": "lambda",
      "provider": "provider[\"registry.terraform.io/hashicorp/aws\"]",
      "instances": [
        {
          "index_key": 0,
          "schema_version": 0,
          "attributes": {
            "arn": "arn:aws:logs:eu-west-2:566355141541:log-group:/aws/lambda/TranslationOrder",
            "id": "/aws/lambda/TranslationOrder",
            "kms_key_id": "",
            "name": "/aws/lambda/TranslationOrder",
            "name_prefix": null,
            "retention_in_days": 0,
            "tags": {}
          },
          "private": "bnVsbA==",
          "dependencies": [
            "aws_iam_role.TranslationOrder_role"
          ]
        }
      ]
    },
    {
      "module": "module.lambda_TranslationOrder",
      "mode": "managed",
      "type": "aws_lambda_function",
      "name": "this",
      "provider": "provider[\"registry.terraform.io/hashicorp/aws\"]",
      "instances": [
        {
          "index_key": 0,
          "schema_version": 0,
          "attributes": {
            "arn": "arn:aws:lambda:eu-west-2:566355141541:function:TranslationOrder",
            "dead_letter_config": [],
            "description": "Sets order for translation. First step in Step-Function",
            "environment": [
              {
                "variables": {
                  "TranslateRoleName": "arn:aws:iam::566355141541:role/TranslationOrder",
                  "t24api": "https://api-test.24t.net/"
                }
              }
            ],
            "file_system_config": [],
            "filename": "builds/909eb5397e908e79fdaa27ae58836fa74a7166429d66afb17af275c48ac866c5.zip",
            "function_name": "TranslationOrder",
            "handler": "TranslationOrder.lambda_handler",
            "id": "TranslationOrder",
            "invoke_arn": "arn:aws:apigateway:eu-west-2:lambda:path/2015-03-31/functions/arn:aws:lambda:eu-west-2:566355141541:function:TranslationOrder/invocations",
            "kms_key_arn": "",
            "last_modified": "2020-11-15T15:56:42.803+0000",
            "layers": [
              "arn:aws:lambda:eu-west-2:566355141541:layer:requests-lib:3",
              "arn:aws:lambda:eu-west-2:566355141541:layer:jwt-lib:3",
              "arn:aws:lambda:eu-west-2:566355141541:layer:smart_open-lib:3"
            ],
            "memory_size": 128,
            "publish": true,
            "qualified_arn": "arn:aws:lambda:eu-west-2:566355141541:function:TranslationOrder:3",
            "reserved_concurrent_executions": -1,
            "role": "arn:aws:iam::566355141541:role/TranslationOrder",
            "runtime": "python3.8",
            "s3_bucket": null,
            "s3_key": null,
            "s3_object_version": null,
            "source_code_hash": "wUtCf53T2bhyItnaD/DMh+dKG/EmMgOqd9A6D0LfoiU=",
            "source_code_size": 2062,
            "tags": {},
            "timeout": 60,
            "timeouts": null,
            "tracing_config": [
              {
                "mode": "PassThrough"
              }
            ],
            "version": "3",
            "vpc_config": []
          },
          "private": "eyJlMmJmYjczMC1lY2FhLTExZTYtOGY4OC0zNDM2M2JjN2M0YzAiOnsiY3JlYXRlIjo2MDAwMDAwMDAwMDB9fQ==",
          "dependencies": [
            "aws_iam_role.TranslationOrder_role",
            "module.lambda_TranslationOrder.aws_iam_role.lambda",
            "module.lambda_TranslationOrder.aws_s3_bucket_object.lambda_package",
            "module.lambda_TranslationOrder.data.external.archive_prepare",
            "module.lambda_TranslationOrder.local_file.archive_plan",
            "module.lambda_TranslationOrder.null_resource.archive",
            "module.lambda_layer_jwt.aws_lambda_layer_version.this",
            "module.lambda_layer_jwt.aws_s3_bucket_object.lambda_package",
            "module.lambda_layer_jwt.data.external.archive_prepare",
            "module.lambda_layer_jwt.local_file.archive_plan",
            "module.lambda_layer_jwt.null_resource.archive",
            "module.lambda_layer_requests.aws_lambda_layer_version.this",
            "module.lambda_layer_requests.aws_s3_bucket_object.lambda_package",
            "module.lambda_layer_requests.data.external.archive_prepare",
            "module.lambda_layer_requests.local_file.archive_plan",
            "module.lambda_layer_requests.null_resource.archive",
            "module.lambda_layer_smart_open.aws_lambda_layer_version.this",
            "module.lambda_layer_smart_open.aws_s3_bucket_object.lambda_package",
            "module.lambda_layer_smart_open.data.external.archive_prepare",
            "module.lambda_layer_smart_open.local_file.archive_plan",
            "module.lambda_layer_smart_open.null_resource.archive"
          ]
        }
      ]
    },
    {
      "module": "module.lambda_TranslationOrder",
      "mode": "managed",
      "type": "local_file",
      "name": "archive_plan",
      "provider": "provider[\"registry.terraform.io/hashicorp/local\"]",
      "instances": [
        {
          "index_key": 0,
          "schema_version": 0,
          "attributes": {
            "content": "{\"filename\": \"builds/909eb5397e908e79fdaa27ae58836fa74a7166429d66afb17af275c48ac866c5.zip\", \"runtime\": \"python3.8\", \"artifacts_dir\": \"builds\", \"build_plan\": [[\"zip\", \"src/lambdas/TranslationOrder.py\", null]]}",
            "content_base64": null,
            "directory_permission": "0755",
            "file_permission": "0644",
            "filename": "builds/909eb5397e908e79fdaa27ae58836fa74a7166429d66afb17af275c48ac866c5.plan.json",
            "id": "1a0d52738acb2c8430738c8488d4a705dae0c8c0",
            "sensitive_content": null
          },
          "private": "bnVsbA==",
          "dependencies": [
            "aws_iam_role.TranslationOrder_role",
            "module.lambda_TranslationOrder.data.external.archive_prepare"
          ]
        }
      ]
    },
    {
      "module": "module.lambda_TranslationOrder",
      "mode": "managed",
      "type": "null_resource",
      "name": "archive",
      "provider": "provider[\"registry.terraform.io/hashicorp/null\"]",
      "instances": [
        {
          "index_key": 0,
          "schema_version": 0,
          "attributes": {
            "id": "5508469470648678826",
            "triggers": {
              "filename": "builds/909eb5397e908e79fdaa27ae58836fa74a7166429d66afb17af275c48ac866c5.zip",
              "timestamp": "1605454039944441000"
            }
          },
          "dependencies": [
            "aws_iam_role.TranslationOrder_role",
            "module.lambda_TranslationOrder.data.external.archive_prepare",
            "module.lambda_TranslationOrder.local_file.archive_plan"
          ]
        }
      ]
    },
    {
      "module": "module.lambda_layer_jwt",
      "mode": "data",
      "type": "external",
      "name": "archive_prepare",
      "provider": "provider[\"registry.terraform.io/hashicorp/external\"]",
      "instances": [
        {
          "index_key": 0,
          "schema_version": 0,
          "attributes": {
            "id": "-",
            "program": [
              "python3",
              ".terraform/modules/lambda_layer_jwt/package.py",
              "prepare"
            ],
            "query": {
              "artifacts_dir": "builds",
              "hash_extra": "",
              "hash_extra_paths": "[]",
              "paths": "{\"cwd\":\"/mnt/c/Users/Jamy/Desktop/git/terraform/translate\",\"module\":\".terraform/modules/lambda_layer_jwt\",\"root\":\".\"}",
              "runtime": "",
              "source_path": "\"src/layers/jwt\""
            },
            "result": {
              "build_plan": "{\"filename\": \"builds/4d398fd3c9080e339e61b5049da172bcfa6ddd79a39f38a602f1490f3d2cb5fd.zip\", \"runtime\": \"\", \"artifacts_dir\": \"builds\", \"build_plan\": [[\"zip\", \"src/layers/jwt\", null]]}",
              "build_plan_filename": "builds/4d398fd3c9080e339e61b5049da172bcfa6ddd79a39f38a602f1490f3d2cb5fd.plan.json",
              "filename": "builds/4d398fd3c9080e339e61b5049da172bcfa6ddd79a39f38a602f1490f3d2cb5fd.zip",
              "timestamp": "1605450670148504000",
              "was_missing": "false"
            },
            "working_dir": "/mnt/c/Users/Jamy/Desktop/git/terraform/translate"
          }
        }
      ]
    },
    {
      "module": "module.lambda_layer_jwt",
      "mode": "managed",
      "type": "aws_lambda_layer_version",
      "name": "this",
      "provider": "provider[\"registry.terraform.io/hashicorp/aws\"]",
      "instances": [
        {
          "index_key": 0,
          "schema_version": 0,
          "attributes": {
            "arn": "arn:aws:lambda:eu-west-2:566355141541:layer:jwt-lib:3",
            "compatible_runtimes": [
              "python3.6",
              "python3.7",
              "python3.8"
            ],
            "created_date": "2020-11-15T15:56:03.071+0000",
            "description": "JWT lambda layer (deployed from local)",
            "filename": "builds/4d398fd3c9080e339e61b5049da172bcfa6ddd79a39f38a602f1490f3d2cb5fd.zip",
            "id": "arn:aws:lambda:eu-west-2:566355141541:layer:jwt-lib:3",
            "layer_arn": "arn:aws:lambda:eu-west-2:566355141541:layer:jwt-lib",
            "layer_name": "jwt-lib",
            "license_info": "",
            "s3_bucket": null,
            "s3_key": null,
            "s3_object_version": null,
            "source_code_hash": "QlJEJx+UFyLin87fvRcUAPeN0iCrNWafvwziV/cPMrU=",
            "source_code_size": 43830,
            "version": "3"
          },
          "private": "bnVsbA==",
          "dependencies": [
            "module.lambda_layer_jwt.aws_s3_bucket_object.lambda_package",
            "module.lambda_layer_jwt.data.external.archive_prepare",
            "module.lambda_layer_jwt.local_file.archive_plan",
            "module.lambda_layer_jwt.null_resource.archive"
          ]
        }
      ]
    },
    {
      "module": "module.lambda_layer_jwt",
      "mode": "managed",
      "type": "local_file",
      "name": "archive_plan",
      "provider": "provider[\"registry.terraform.io/hashicorp/local\"]",
      "instances": [
        {
          "index_key": 0,
          "schema_version": 0,
          "attributes": {
            "content": "{\"filename\": \"builds/4d398fd3c9080e339e61b5049da172bcfa6ddd79a39f38a602f1490f3d2cb5fd.zip\", \"runtime\": \"\", \"artifacts_dir\": \"builds\", \"build_plan\": [[\"zip\", \"src/layers/jwt\", null]]}",
            "content_base64": null,
            "directory_permission": "0755",
            "file_permission": "0644",
            "filename": "builds/4d398fd3c9080e339e61b5049da172bcfa6ddd79a39f38a602f1490f3d2cb5fd.plan.json",
            "id": "62492f6af20aa8a6c4ab85c15f6de1f9d1fb9304",
            "sensitive_content": null
          },
          "private": "bnVsbA==",
          "dependencies": [
            "module.lambda_layer_jwt.data.external.archive_prepare"
          ]
        }
      ]
    },
    {
      "module": "module.lambda_layer_jwt",
      "mode": "managed",
      "type": "null_resource",
      "name": "archive",
      "provider": "provider[\"registry.terraform.io/hashicorp/null\"]",
      "instances": [
        {
          "index_key": 0,
          "schema_version": 0,
          "attributes": {
            "id": "6512401081819218196",
            "triggers": {
              "filename": "builds/4d398fd3c9080e339e61b5049da172bcfa6ddd79a39f38a602f1490f3d2cb5fd.zip",
              "timestamp": "1605450670148504000"
            }
          },
          "dependencies": [
            "module.lambda_layer_jwt.data.external.archive_prepare",
            "module.lambda_layer_jwt.local_file.archive_plan"
          ]
        }
      ]
    },
    {
      "module": "module.lambda_layer_requests",
      "mode": "data",
      "type": "external",
      "name": "archive_prepare",
      "provider": "provider[\"registry.terraform.io/hashicorp/external\"]",
      "instances": [
        {
          "index_key": 0,
          "schema_version": 0,
          "attributes": {
            "id": "-",
            "program": [
              "python3",
              ".terraform/modules/lambda_layer_requests/package.py",
              "prepare"
            ],
            "query": {
              "artifacts_dir": "builds",
              "hash_extra": "",
              "hash_extra_paths": "[]",
              "paths": "{\"cwd\":\"/mnt/c/Users/Jamy/Desktop/git/terraform/translate\",\"module\":\".terraform/modules/lambda_layer_requests\",\"root\":\".\"}",
              "runtime": "",
              "source_path": "\"src/layers/requests\""
            },
            "result": {
              "build_plan": "{\"filename\": \"builds/9fa75077327efa74f641ce28a6cb74b13ede4c4dab0686555d34a35bb55ed92e.zip\", \"runtime\": \"\", \"artifacts_dir\": \"builds\", \"build_plan\": [[\"zip\", \"src/layers/requests\", null]]}",
              "build_plan_filename": "builds/9fa75077327efa74f641ce28a6cb74b13ede4c4dab0686555d34a35bb55ed92e.plan.json",
              "filename": "builds/9fa75077327efa74f641ce28a6cb74b13ede4c4dab0686555d34a35bb55ed92e.zip",
              "timestamp": "1605450670233928000",
              "was_missing": "false"
            },
            "working_dir": "/mnt/c/Users/Jamy/Desktop/git/terraform/translate"
          }
        }
      ]
    },
    {
      "module": "module.lambda_layer_requests",
      "mode": "managed",
      "type": "aws_lambda_layer_version",
      "name": "this",
      "provider": "provider[\"registry.terraform.io/hashicorp/aws\"]",
      "instances": [
        {
          "index_key": 0,
          "schema_version": 0,
          "attributes": {
            "arn": "arn:aws:lambda:eu-west-2:566355141541:layer:requests-lib:3",
            "compatible_runtimes": [
              "python3.6",
              "python3.7",
              "python3.8"
            ],
            "created_date": "2020-11-15T15:56:10.783+0000",
            "description": "Requests lambda layer (deployed from local)",
            "filename": "builds/9fa75077327efa74f641ce28a6cb74b13ede4c4dab0686555d34a35bb55ed92e.zip",
            "id": "arn:aws:lambda:eu-west-2:566355141541:layer:requests-lib:3",
            "layer_arn": "arn:aws:lambda:eu-west-2:566355141541:layer:requests-lib",
            "layer_name": "requests-lib",
            "license_info": "",
            "s3_bucket": null,
            "s3_key": null,
            "s3_object_version": null,
            "source_code_hash": "9jp4AETgPsql3hNLo6mBiUpVxhShSZ+woGAZPR9JH1k=",
            "source_code_size": 932782,
            "version": "3"
          },
          "private": "bnVsbA==",
          "dependencies": [
            "module.lambda_layer_requests.aws_s3_bucket_object.lambda_package",
            "module.lambda_layer_requests.data.external.archive_prepare",
            "module.lambda_layer_requests.local_file.archive_plan",
            "module.lambda_layer_requests.null_resource.archive"
          ]
        }
      ]
    },
    {
      "module": "module.lambda_layer_requests",
      "mode": "managed",
      "type": "local_file",
      "name": "archive_plan",
      "provider": "provider[\"registry.terraform.io/hashicorp/local\"]",
      "instances": [
        {
          "index_key": 0,
          "schema_version": 0,
          "attributes": {
            "content": "{\"filename\": \"builds/9fa75077327efa74f641ce28a6cb74b13ede4c4dab0686555d34a35bb55ed92e.zip\", \"runtime\": \"\", \"artifacts_dir\": \"builds\", \"build_plan\": [[\"zip\", \"src/layers/requests\", null]]}",
            "content_base64": null,
            "directory_permission": "0755",
            "file_permission": "0644",
            "filename": "builds/9fa75077327efa74f641ce28a6cb74b13ede4c4dab0686555d34a35bb55ed92e.plan.json",
            "id": "71130fe9ee5313e31f71bb3b21663bb3bd6491c1",
            "sensitive_content": null
          },
          "private": "bnVsbA==",
          "dependencies": [
            "module.lambda_layer_requests.data.external.archive_prepare"
          ]
        }
      ]
    },
    {
      "module": "module.lambda_layer_requests",
      "mode": "managed",
      "type": "null_resource",
      "name": "archive",
      "provider": "provider[\"registry.terraform.io/hashicorp/null\"]",
      "instances": [
        {
          "index_key": 0,
          "schema_version": 0,
          "attributes": {
            "id": "5054294170722106331",
            "triggers": {
              "filename": "builds/9fa75077327efa74f641ce28a6cb74b13ede4c4dab0686555d34a35bb55ed92e.zip",
              "timestamp": "1605450670233928000"
            }
          },
          "dependencies": [
            "module.lambda_layer_requests.data.external.archive_prepare",
            "module.lambda_layer_requests.local_file.archive_plan"
          ]
        }
      ]
    },
    {
      "module": "module.lambda_layer_smart_open",
      "mode": "data",
      "type": "external",
      "name": "archive_prepare",
      "provider": "provider[\"registry.terraform.io/hashicorp/external\"]",
      "instances": [
        {
          "index_key": 0,
          "schema_version": 0,
          "attributes": {
            "id": "-",
            "program": [
              "python3",
              ".terraform/modules/lambda_layer_smart_open/package.py",
              "prepare"
            ],
            "query": {
              "artifacts_dir": "builds",
              "hash_extra": "",
              "hash_extra_paths": "[]",
              "paths": "{\"cwd\":\"/mnt/c/Users/Jamy/Desktop/git/terraform/translate\",\"module\":\".terraform/modules/lambda_layer_smart_open\",\"root\":\".\"}",
              "runtime": "",
              "source_path": "\"src/layers/smart_open\""
            },
            "result": {
              "build_plan": "{\"filename\": \"builds/30b99984e78792e4a0042a7e8735a2e47f19cc883af1b51f45e756160aab23b9.zip\", \"runtime\": \"\", \"artifacts_dir\": \"builds\", \"build_plan\": [[\"zip\", \"src/layers/smart_open\", null]]}",
              "build_plan_filename": "builds/30b99984e78792e4a0042a7e8735a2e47f19cc883af1b51f45e756160aab23b9.plan.json",
              "filename": "builds/30b99984e78792e4a0042a7e8735a2e47f19cc883af1b51f45e756160aab23b9.zip",
              "timestamp": "1605450670281523000",
              "was_missing": "false"
            },
            "working_dir": "/mnt/c/Users/Jamy/Desktop/git/terraform/translate"
          }
        }
      ]
    },
    {
      "module": "module.lambda_layer_smart_open",
      "mode": "managed",
      "type": "aws_lambda_layer_version",
      "name": "this",
      "provider": "provider[\"registry.terraform.io/hashicorp/aws\"]",
      "instances": [
        {
          "index_key": 0,
          "schema_version": 0,
          "attributes": {
            "arn": "arn:aws:lambda:eu-west-2:566355141541:layer:smart_open-lib:3",
            "compatible_runtimes": [
              "python3.6",
              "python3.7",
              "python3.8"
            ],
            "created_date": "2020-11-15T15:56:14.294+0000",
            "description": "smart_open lambda layer (deployed from local)",
            "filename": "builds/30b99984e78792e4a0042a7e8735a2e47f19cc883af1b51f45e756160aab23b9.zip",
            "id": "arn:aws:lambda:eu-west-2:566355141541:layer:smart_open-lib:3",
            "layer_arn": "arn:aws:lambda:eu-west-2:566355141541:layer:smart_open-lib",
            "layer_name": "smart_open-lib",
            "license_info": "",
            "s3_bucket": null,
            "s3_key": null,
            "s3_object_version": null,
            "source_code_hash": "rXadoSEK0KRdB0f8ApmR8A4qpB0Bs0NAoJoz2lOCPzo=",
            "source_code_size": 1171962,
            "version": "3"
          },
          "private": "bnVsbA==",
          "dependencies": [
            "module.lambda_layer_smart_open.aws_s3_bucket_object.lambda_package",
            "module.lambda_layer_smart_open.data.external.archive_prepare",
            "module.lambda_layer_smart_open.local_file.archive_plan",
            "module.lambda_layer_smart_open.null_resource.archive"
          ]
        }
      ]
    },
    {
      "module": "module.lambda_layer_smart_open",
      "mode": "managed",
      "type": "local_file",
      "name": "archive_plan",
      "provider": "provider[\"registry.terraform.io/hashicorp/local\"]",
      "instances": [
        {
          "index_key": 0,
          "schema_version": 0,
          "attributes": {
            "content": "{\"filename\": \"builds/30b99984e78792e4a0042a7e8735a2e47f19cc883af1b51f45e756160aab23b9.zip\", \"runtime\": \"\", \"artifacts_dir\": \"builds\", \"build_plan\": [[\"zip\", \"src/layers/smart_open\", null]]}",
            "content_base64": null,
            "directory_permission": "0755",
            "file_permission": "0644",
            "filename": "builds/30b99984e78792e4a0042a7e8735a2e47f19cc883af1b51f45e756160aab23b9.plan.json",
            "id": "8552df990ab29be23abae819fb39c82053c024ae",
            "sensitive_content": null
          },
          "private": "bnVsbA==",
          "dependencies": [
            "module.lambda_layer_smart_open.data.external.archive_prepare"
          ]
        }
      ]
    },
    {
      "module": "module.lambda_layer_smart_open",
      "mode": "managed",
      "type": "null_resource",
      "name": "archive",
      "provider": "provider[\"registry.terraform.io/hashicorp/null\"]",
      "instances": [
        {
          "index_key": 0,
          "schema_version": 0,
          "attributes": {
            "id": "4982792933111252215",
            "triggers": {
              "filename": "builds/30b99984e78792e4a0042a7e8735a2e47f19cc883af1b51f45e756160aab23b9.zip",
              "timestamp": "1605450670281523000"
            }
          },
          "dependencies": [
            "module.lambda_layer_smart_open.data.external.archive_prepare",
            "module.lambda_layer_smart_open.local_file.archive_plan"
          ]
        }
      ]
    },
    {
      "module": "module.s3_input",
      "mode": "managed",
      "type": "aws_s3_bucket",
      "name": "this",
      "provider": "provider[\"registry.terraform.io/hashicorp/aws\"]",
      "instances": [
        {
          "index_key": 0,
          "schema_version": 0,
          "attributes": {
            "acceleration_status": "",
            "acl": "private",
            "arn": "arn:aws:s3:::doc-raitranslate-inputs",
            "bucket": "doc-raitranslate-inputs",
            "bucket_domain_name": "doc-raitranslate-inputs.s3.amazonaws.com",
            "bucket_prefix": null,
            "bucket_regional_domain_name": "doc-raitranslate-inputs.s3.eu-west-2.amazonaws.com",
            "cors_rule": [],
            "force_destroy": false,
            "grant": [],
            "hosted_zone_id": "Z3GKZC51ZF0DB4",
            "id": "doc-raitranslate-inputs",
            "lifecycle_rule": [],
            "logging": [],
            "object_lock_configuration": [],
            "policy": null,
            "region": "eu-west-2",
            "replication_configuration": [],
            "request_payer": "BucketOwner",
            "server_side_encryption_configuration": [],
            "tags": null,
            "versioning": [
              {
                "enabled": false,
                "mfa_delete": false
              }
            ],
            "website": [],
            "website_domain": null,
            "website_endpoint": null
          },
          "private": "bnVsbA=="
        }
      ]
    },
    {
      "module": "module.s3_input",
      "mode": "managed",
      "type": "aws_s3_bucket_public_access_block",
      "name": "this",
      "provider": "provider[\"registry.terraform.io/hashicorp/aws\"]",
      "instances": [
        {
          "index_key": 0,
          "schema_version": 0,
          "attributes": {
            "block_public_acls": false,
            "block_public_policy": false,
            "bucket": "doc-raitranslate-inputs",
            "id": "doc-raitranslate-inputs",
            "ignore_public_acls": false,
            "restrict_public_buckets": false
          },
          "private": "bnVsbA==",
          "dependencies": [
            "module.s3_input.aws_s3_bucket.this",
            "module.s3_input.aws_s3_bucket_policy.this"
          ]
        }
      ]
    }
  ]
}
